
Microsoft Visual Studio Solution File, Format Version 12.00
# Visual Studio 2013
VisualStudioVersion = 12.0.30501.0
MinimumVisualStudioVersion = 10.0.40219.1
Project("{FAE04EC0-301F-11D3-BF4B-00C04F79EFBC}") = "CUITe", "CUITe for .NET v4.5 (VS2013)\CUITe.csproj", "{FE093159-2B72-438E-9C73-E3FBAEAC5243}"
EndProject
Project("{FAE04EC0-301F-11D3-BF4B-00C04F79EFBC}") = "ControlTemplateExamples", "ControlTemplateExamples for .NET v4.5 (VS2013)\ControlTemplateExamples.csproj", "{3526EEC4-E90B-4868-ACF9-A7D6498E8C15}"
EndProject
Project("{FAE04EC0-301F-11D3-BF4B-00C04F79EFBC}") = "CUITe_ObjectRecorder", "CUITe_ObjectRecorder for .NET v4.5 (VS2013)\CUITe_ObjectRecorder.csproj", "{4CA5CDA2-0678-430B-9079-F11906B54070}"
EndProject
Project("{FAE04EC0-301F-11D3-BF4B-00C04F79EFBC}") = "Sample_CUITeTestProject", "Sample_CUITeTestProject for .NET v4.5 (VS2013)\Sample_CUITeTestProject.csproj", "{8EA1EB80-66EF-4877-B082-3BFAD597ADEB}"
EndProject
Project("{2150E333-8FDC-42A3-9474-1A3956D46DE8}") = "Solution Items", "Solution Items", "{B5966864-ABF9-4923-B7E3-F31F95C9AABA}"
	ProjectSection(SolutionItems) = preProject
		build.cmd = build.cmd
		build.proj = build.proj
		CommonAssemblyInfo.cs = CommonAssemblyInfo.cs
		CUITe.snk = CUITe.snk
		CUITe.vsmdi = CUITe.vsmdi
		Local.testsettings = Local.testsettings
		readme.txt = readme.txt
		TraceAndTestImpact.testsettings = TraceAndTestImpact.testsettings
	EndProjectSection
EndProject
Project("{FAE04EC0-301F-11D3-BF4B-00C04F79EFBC}") = "Sample_CUITeTestProject_WinControls", "Sample_CUITeTestProject_WinControls for .NET v4.5 (VS2013)\Sample_CUITeTestProject_WinControls.csproj", "{7A044516-485D-4097-B4E3-6AAF99C69752}"
EndProject
Project("{FAE04EC0-301F-11D3-BF4B-00C04F79EFBC}") = "Sample_CUITeTestProject_WpfControls", "Sample_CUITeTestProject_WpfControls for .NET v4.5 (VS2013)\Sample_CUITeTestProject_WpfControls.csproj", "{4340DD1D-B1D6-4D4D-808F-D5EE6552DABB}"
EndProject
Project("{FAE04EC0-301F-11D3-BF4B-00C04F79EFBC}") = "TestSilverlightApplication", "TestSilverlightApplication (SL5)\TestSilverlightApplication.csproj", "{B38FF342-51EB-4338-AE14-D73AF81E5622}"
EndProject
Global
	GlobalSection(SolutionConfigurationPlatforms) = preSolution
		Debug|Any CPU = Debug|Any CPU
		Debug|Mixed Platforms = Debug|Mixed Platforms
		Debug|x86 = Debug|x86
		Release|Any CPU = Release|Any CPU
		Release|Mixed Platforms = Release|Mixed Platforms
		Release|x86 = Release|x86
	EndGlobalSection
	GlobalSection(ProjectConfigurationPlatforms) = postSolution
		{FE093159-2B72-438E-9C73-E3FBAEAC5243}.Debug|Any CPU.ActiveCfg = Debug|Any CPU
		{FE093159-2B72-438E-9C73-E3FBAEAC5243}.Debug|Any CPU.Build.0 = Debug|Any CPU
		{FE093159-2B72-438E-9C73-E3FBAEAC5243}.Debug|Mixed Platforms.ActiveCfg = Debug|Any CPU
		{FE093159-2B72-438E-9C73-E3FBAEAC5243}.Debug|Mixed Platforms.Build.0 = Debug|Any CPU
		{FE093159-2B72-438E-9C73-E3FBAEAC5243}.Debug|x86.ActiveCfg = Debug|Any CPU
		{FE093159-2B72-438E-9C73-E3FBAEAC5243}.Release|Any CPU.ActiveCfg = Release|Any CPU
		{FE093159-2B72-438E-9C73-E3FBAEAC5243}.Release|Any CPU.Build.0 = Release|Any CPU
		{FE093159-2B72-438E-9C73-E3FBAEAC5243}.Release|Mixed Platforms.ActiveCfg = Release|Any CPU
		{FE093159-2B72-438E-9C73-E3FBAEAC5243}.Release|Mixed Platforms.Build.0 = Release|Any CPU
		{FE093159-2B72-438E-9C73-E3FBAEAC5243}.Release|x86.ActiveCfg = Release|Any CPU
		{3526EEC4-E90B-4868-ACF9-A7D6498E8C15}.Debug|Any CPU.ActiveCfg = Debug|x86
		{3526EEC4-E90B-4868-ACF9-A7D6498E8C15}.Debug|Mixed Platforms.ActiveCfg = Debug|x86
		{3526EEC4-E90B-4868-ACF9-A7D6498E8C15}.Debug|Mixed Platforms.Build.0 = Debug|x86
		{3526EEC4-E90B-4868-ACF9-A7D6498E8C15}.Debug|x86.ActiveCfg = Debug|x86
		{3526EEC4-E90B-4868-ACF9-A7D6498E8C15}.Debug|x86.Build.0 = Debug|x86
		{3526EEC4-E90B-4868-ACF9-A7D6498E8C15}.Release|Any CPU.ActiveCfg = Release|x86
		{3526EEC4-E90B-4868-ACF9-A7D6498E8C15}.Release|Mixed Platforms.ActiveCfg = Release|x86
		{3526EEC4-E90B-4868-ACF9-A7D6498E8C15}.Release|Mixed Platforms.Build.0 = Release|x86
		{3526EEC4-E90B-4868-ACF9-A7D6498E8C15}.Release|x86.ActiveCfg = Release|x86
		{3526EEC4-E90B-4868-ACF9-A7D6498E8C15}.Release|x86.Build.0 = Release|x86
		{4CA5CDA2-0678-430B-9079-F11906B54070}.Debug|Any CPU.ActiveCfg = Debug|x86
		{4CA5CDA2-0678-430B-9079-F11906B54070}.Debug|Mixed Platforms.ActiveCfg = Debug|x86
		{4CA5CDA2-0678-430B-9079-F11906B54070}.Debug|Mixed Platforms.Build.0 = Debug|x86
		{4CA5CDA2-0678-430B-9079-F11906B54070}.Debug|x86.ActiveCfg = Debug|x86
		{4CA5CDA2-0678-430B-9079-F11906B54070}.Debug|x86.Build.0 = Debug|x86
		{4CA5CDA2-0678-430B-9079-F11906B54070}.Release|Any CPU.ActiveCfg = Release|x86
		{4CA5CDA2-0678-430B-9079-F11906B54070}.Release|Mixed Platforms.ActiveCfg = Release|x86
		{4CA5CDA2-0678-430B-9079-F11906B54070}.Release|Mixed Platforms.Build.0 = Release|x86
		{4CA5CDA2-0678-430B-9079-F11906B54070}.Release|x86.ActiveCfg = Release|x86
		{4CA5CDA2-0678-430B-9079-F11906B54070}.Release|x86.Build.0 = Release|x86
		{8EA1EB80-66EF-4877-B082-3BFAD597ADEB}.Debug|Any CPU.ActiveCfg = Debug|Any CPU
		{8EA1EB80-66EF-4877-B082-3BFAD597ADEB}.Debug|Any CPU.Build.0 = Debug|Any CPU
		{8EA1EB80-66EF-4877-B082-3BFAD597ADEB}.Debug|Mixed Platforms.ActiveCfg = Debug|Any CPU
		{8EA1EB80-66EF-4877-B082-3BFAD597ADEB}.Debug|Mixed Platforms.Build.0 = Debug|Any CPU
		{8EA1EB80-66EF-4877-B082-3BFAD597ADEB}.Debug|x86.ActiveCfg = Debug|Any CPU
		{8EA1EB80-66EF-4877-B082-3BFAD597ADEB}.Release|Any CPU.ActiveCfg = Release|Any CPU
		{8EA1EB80-66EF-4877-B082-3BFAD597ADEB}.Release|Any CPU.Build.0 = Release|Any CPU
		{8EA1EB80-66EF-4877-B082-3BFAD597ADEB}.Release|Mixed Platforms.ActiveCfg = Release|Any CPU
		{8EA1EB80-66EF-4877-B082-3BFAD597ADEB}.Release|Mixed Platforms.Build.0 = Release|Any CPU
		{8EA1EB80-66EF-4877-B082-3BFAD597ADEB}.Release|x86.ActiveCfg = Release|Any CPU
		{7A044516-485D-4097-B4E3-6AAF99C69752}.Debug|Any CPU.ActiveCfg = Debug|Any CPU
		{7A044516-485D-4097-B4E3-6AAF99C69752}.Debug|Any CPU.Build.0 = Debug|Any CPU
		{7A044516-485D-4097-B4E3-6AAF99C69752}.Debug|Mixed Platforms.ActiveCfg = Debug|Any CPU
		{7A044516-485D-4097-B4E3-6AAF99C69752}.Debug|Mixed Platforms.Build.0 = Debug|Any CPU
		{7A044516-485D-4097-B4E3-6AAF99C69752}.Debug|x86.ActiveCfg = Debug|Any CPU
		{7A044516-485D-4097-B4E3-6AAF99C69752}.Release|Any CPU.ActiveCfg = Release|Any CPU
		{7A044516-485D-4097-B4E3-6AAF99C69752}.Release|Any CPU.Build.0 = Release|Any CPU
		{7A044516-485D-4097-B4E3-6AAF99C69752}.Release|Mixed Platforms.ActiveCfg = Release|Any CPU
		{7A044516-485D-4097-B4E3-6AAF99C69752}.Release|Mixed Platforms.Build.0 = Release|Any CPU
		{7A044516-485D-4097-B4E3-6AAF99C69752}.Release|x86.ActiveCfg = Release|Any CPU
		{4340DD1D-B1D6-4D4D-808F-D5EE6552DABB}.Debug|Any CPU.ActiveCfg = Debug|Any CPU
		{4340DD1D-B1D6-4D4D-808F-D5EE6552DABB}.Debug|Any CPU.Build.0 = Debug|Any CPU
		{4340DD1D-B1D6-4D4D-808F-D5EE6552DABB}.Debug|Mixed Platforms.ActiveCfg = Debug|Any CPU
		{4340DD1D-B1D6-4D4D-808F-D5EE6552DABB}.Debug|Mixed Platforms.Build.0 = Debug|Any CPU
		{4340DD1D-B1D6-4D4D-808F-D5EE6552DABB}.Debug|x86.ActiveCfg = Debug|Any CPU
		{4340DD1D-B1D6-4D4D-808F-D5EE6552DABB}.Release|Any CPU.ActiveCfg = Release|Any CPU
		{4340DD1D-B1D6-4D4D-808F-D5EE6552DABB}.Release|Any CPU.Build.0 = Release|Any CPU
		{4340DD1D-B1D6-4D4D-808F-D5EE6552DABB}.Release|Mixed Platforms.ActiveCfg = Release|Any CPU
		{4340DD1D-B1D6-4D4D-808F-D5EE6552DABB}.Release|Mixed Platforms.Build.0 = Release|Any CPU
		{4340DD1D-B1D6-4D4D-808F-D5EE6552DABB}.Release|x86.ActiveCfg = Release|Any CPU
		{B38FF342-51EB-4338-AE14-D73AF81E5622}.Debug|Any CPU.ActiveCfg = Debug|Any CPU
		{B38FF342-51EB-4338-AE14-D73AF81E5622}.Debug|Any CPU.Build.0 = Debug|Any CPU
		{B38FF342-51EB-4338-AE14-D73AF81E5622}.Debug|Mixed Platforms.ActiveCfg = Debug|Any CPU
		{B38FF342-51EB-4338-AE14-D73AF81E5622}.Debug|Mixed Platforms.Build.0 = Debug|Any CPU
		{B38FF342-51EB-4338-AE14-D73AF81E5622}.Debug|x86.ActiveCfg = Debug|Any CPU
		{B38FF342-51EB-4338-AE14-D73AF81E5622}.Release|Any CPU.ActiveCfg = Release|Any CPU
		{B38FF342-51EB-4338-AE14-D73AF81E5622}.Release|Any CPU.Build.0 = Release|Any CPU
		{B38FF342-51EB-4338-AE14-D73AF81E5622}.Release|Mixed Platforms.ActiveCfg = Release|Any CPU
		{B38FF342-51EB-4338-AE14-D73AF81E5622}.Release|Mixed Platforms.Build.0 = Release|Any CPU
		{B38FF342-51EB-4338-AE14-D73AF81E5622}.Release|x86.ActiveCfg = Release|Any CPU
	EndGlobalSection
	GlobalSection(SolutionProperties) = preSolution
		HideSolutionNode = FALSE
	EndGlobalSection
EndGlobal
