
Microsoft Visual Studio Solution File, Format Version 11.00
# Visual Studio 2010
Project("{FAE04EC0-301F-11D3-BF4B-00C04F79EFBC}") = "CUITe", "CUITe\CUITe.csproj", "{947E624B-7124-43F8-A1E5-3ED62277E561}"
EndProject
Project("{FAE04EC0-301F-11D3-BF4B-00C04F79EFBC}") = "CUITe_ObjectRecorder", "CUITe_ObjectRecorder\CUITe_ObjectRecorder.csproj", "{76864E39-F4DD-4C23-B84D-B29521309D96}"
EndProject
Project("{54435603-DBB4-11D2-8724-00A0C9A8B90C}") = "CUITe_Setup", "CUITe_Setup\CUITe_Setup.vdproj", "{8BAD3329-3D34-407D-8CE6-7D731C0946B9}"
EndProject
Project("{FAE04EC0-301F-11D3-BF4B-00C04F79EFBC}") = "Sample_CUITeTestProject", "Sample_CUITeTestProject\Sample_CUITeTestProject.csproj", "{245897D4-96EC-430F-BF1A-9CA44FD06ECB}"
EndProject
Project("{2150E333-8FDC-42A3-9474-1A3956D46DE8}") = "Solution Items", "Solution Items", "{E5BF3C3F-364A-43BA-B7C0-1CAC0A12EF4B}"
	ProjectSection(SolutionItems) = preProject
		CUITe.vsmdi = CUITe.vsmdi
		Local.testsettings = Local.testsettings
		TraceAndTestImpact.testsettings = TraceAndTestImpact.testsettings
	EndProjectSection
EndProject
Global
	GlobalSection(TeamFoundationVersionControl) = preSolution
		SccNumberOfProjects = 5
		SccEnterpriseProvider = {4CA58AB2-18FA-4F8D-95D4-32DDF27D184C}
		SccTeamFoundationServer = https://tfs.codeplex.com/tfs/tfs23
		SccLocalPath0 = .
		SccProjectUniqueName1 = CUITe\\CUITe.csproj
		SccProjectName1 = CUITe
		SccLocalPath1 = CUITe
		SccProjectUniqueName2 = CUITe_ObjectRecorder\\CUITe_ObjectRecorder.csproj
		SccProjectName2 = CUITe_ObjectRecorder
		SccLocalPath2 = CUITe_ObjectRecorder
		SccProjectUniqueName3 = CUITe_Setup\\CUITe_Setup.vdproj
		SccProjectName3 = CUITe_Setup
		SccLocalPath3 = CUITe_Setup
		SccProjectUniqueName4 = Sample_CUITeTestProject\\Sample_CUITeTestProject.csproj
		SccProjectName4 = Sample_CUITeTestProject
		SccLocalPath4 = Sample_CUITeTestProject
	EndGlobalSection
	GlobalSection(TestCaseManagementSettings) = postSolution
		CategoryFile = CUITe.vsmdi
	EndGlobalSection
	GlobalSection(SolutionConfigurationPlatforms) = preSolution
		Debug|Any CPU = Debug|Any CPU
		Debug|Mixed Platforms = Debug|Mixed Platforms
		Debug|x86 = Debug|x86
		Release|Any CPU = Release|Any CPU
		Release|Mixed Platforms = Release|Mixed Platforms
		Release|x86 = Release|x86
	EndGlobalSection
	GlobalSection(ProjectConfigurationPlatforms) = postSolution
		{947E624B-7124-43F8-A1E5-3ED62277E561}.Debug|Any CPU.ActiveCfg = Debug|Any CPU
		{947E624B-7124-43F8-A1E5-3ED62277E561}.Debug|Any CPU.Build.0 = Debug|Any CPU
		{947E624B-7124-43F8-A1E5-3ED62277E561}.Debug|Mixed Platforms.ActiveCfg = Debug|Any CPU
		{947E624B-7124-43F8-A1E5-3ED62277E561}.Debug|Mixed Platforms.Build.0 = Debug|Any CPU
		{947E624B-7124-43F8-A1E5-3ED62277E561}.Debug|x86.ActiveCfg = Debug|Any CPU
		{947E624B-7124-43F8-A1E5-3ED62277E561}.Release|Any CPU.ActiveCfg = Release|Any CPU
		{947E624B-7124-43F8-A1E5-3ED62277E561}.Release|Any CPU.Build.0 = Release|Any CPU
		{947E624B-7124-43F8-A1E5-3ED62277E561}.Release|Mixed Platforms.ActiveCfg = Release|Any CPU
		{947E624B-7124-43F8-A1E5-3ED62277E561}.Release|Mixed Platforms.Build.0 = Release|Any CPU
		{947E624B-7124-43F8-A1E5-3ED62277E561}.Release|x86.ActiveCfg = Release|Any CPU
		{76864E39-F4DD-4C23-B84D-B29521309D96}.Debug|Any CPU.ActiveCfg = Debug|x86
		{76864E39-F4DD-4C23-B84D-B29521309D96}.Debug|Mixed Platforms.ActiveCfg = Debug|x86
		{76864E39-F4DD-4C23-B84D-B29521309D96}.Debug|Mixed Platforms.Build.0 = Debug|x86
		{76864E39-F4DD-4C23-B84D-B29521309D96}.Debug|x86.ActiveCfg = Debug|x86
		{76864E39-F4DD-4C23-B84D-B29521309D96}.Debug|x86.Build.0 = Debug|x86
		{76864E39-F4DD-4C23-B84D-B29521309D96}.Release|Any CPU.ActiveCfg = Release|x86
		{76864E39-F4DD-4C23-B84D-B29521309D96}.Release|Mixed Platforms.ActiveCfg = Release|x86
		{76864E39-F4DD-4C23-B84D-B29521309D96}.Release|Mixed Platforms.Build.0 = Release|x86
		{76864E39-F4DD-4C23-B84D-B29521309D96}.Release|x86.ActiveCfg = Release|x86
		{76864E39-F4DD-4C23-B84D-B29521309D96}.Release|x86.Build.0 = Release|x86
		{8BAD3329-3D34-407D-8CE6-7D731C0946B9}.Debug|Any CPU.ActiveCfg = Debug
		{8BAD3329-3D34-407D-8CE6-7D731C0946B9}.Debug|Mixed Platforms.ActiveCfg = Debug
		{8BAD3329-3D34-407D-8CE6-7D731C0946B9}.Debug|x86.ActiveCfg = Debug
		{8BAD3329-3D34-407D-8CE6-7D731C0946B9}.Release|Any CPU.ActiveCfg = Release
		{8BAD3329-3D34-407D-8CE6-7D731C0946B9}.Release|Mixed Platforms.ActiveCfg = Release
		{8BAD3329-3D34-407D-8CE6-7D731C0946B9}.Release|x86.ActiveCfg = Release
		{245897D4-96EC-430F-BF1A-9CA44FD06ECB}.Debug|Any CPU.ActiveCfg = Debug|Any CPU
		{245897D4-96EC-430F-BF1A-9CA44FD06ECB}.Debug|Any CPU.Build.0 = Debug|Any CPU
		{245897D4-96EC-430F-BF1A-9CA44FD06ECB}.Debug|Mixed Platforms.ActiveCfg = Debug|Any CPU
		{245897D4-96EC-430F-BF1A-9CA44FD06ECB}.Debug|Mixed Platforms.Build.0 = Debug|Any CPU
		{245897D4-96EC-430F-BF1A-9CA44FD06ECB}.Debug|x86.ActiveCfg = Debug|Any CPU
		{245897D4-96EC-430F-BF1A-9CA44FD06ECB}.Release|Any CPU.ActiveCfg = Release|Any CPU
		{245897D4-96EC-430F-BF1A-9CA44FD06ECB}.Release|Any CPU.Build.0 = Release|Any CPU
		{245897D4-96EC-430F-BF1A-9CA44FD06ECB}.Release|Mixed Platforms.ActiveCfg = Release|Any CPU
		{245897D4-96EC-430F-BF1A-9CA44FD06ECB}.Release|Mixed Platforms.Build.0 = Release|Any CPU
		{245897D4-96EC-430F-BF1A-9CA44FD06ECB}.Release|x86.ActiveCfg = Release|Any CPU
	EndGlobalSection
	GlobalSection(SolutionProperties) = preSolution
		HideSolutionNode = FALSE
	EndGlobalSection
EndGlobal
