VS2013_RTM_PREM_ENU.iso
UITestPluginForSilverlightVS2013.msi
vs2015.3.ent_enu.iso
UITestPluginForSilverlightVS2015.msi
UITestPluginForSilverlightVS2017.msi
Silverlight_x64.exe
silverlight_sdk.exe
Silverlight_5_Toolkit_December_2011.msi
Silverlight_Developer_x64.exe
Firefox Setup 47.0.1.exe
CodedUITestCrossBrowserSetup.msi
chromedriver_win32.zip
geckodriver-v0.17.0-win32.zip