
Microsoft Visual Studio Solution File, Format Version 12.00
# Visual Studio 2013
VisualStudioVersion = 12.0.40629.0
MinimumVisualStudioVersion = 10.0.40219.1
Project("{FAE04EC0-301F-11D3-BF4B-00C04F79EFBC}") = "CUITe", "CUITe\CUITe.csproj", "{FE093159-2B72-438E-9C73-E3FBAEAC5243}"
EndProject
Project("{FAE04EC0-301F-11D3-BF4B-00C04F79EFBC}") = "CUITe_ObjectRecorder", "CUITe_ObjectRecorder\CUITe_ObjectRecorder.csproj", "{4CA5CDA2-0678-430B-9079-F11906B54070}"
EndProject
Project("{FAE04EC0-301F-11D3-BF4B-00C04F79EFBC}") = "Sut.HtmlTest", "Sut.HtmlTest\Sut.HtmlTest.csproj", "{8EA1EB80-66EF-4877-B082-3BFAD597ADEB}"
EndProject
Project("{2150E333-8FDC-42A3-9474-1A3956D46DE8}") = "Solution Items", "Solution Items", "{B5966864-ABF9-4923-B7E3-F31F95C9AABA}"
	ProjectSection(SolutionItems) = preProject
		CommonAssemblyInfo.cs = CommonAssemblyInfo.cs
		CUITe.snk = CUITe.snk
		CUITe.vsmdi = CUITe.vsmdi
		..\LICENSE = ..\LICENSE
		Local.testsettings = Local.testsettings
		..\README.md = ..\README.md
		readme.txt = readme.txt
		SilverlightExtension.targets = SilverlightExtension.targets
		TraceAndTestImpact.testsettings = TraceAndTestImpact.testsettings
	EndProjectSection
EndProject
Project("{FAE04EC0-301F-11D3-BF4B-00C04F79EFBC}") = "Sut.Silverlight", "Sut.Silverlight\Sut.Silverlight.csproj", "{B38FF342-51EB-4338-AE14-D73AF81E5622}"
EndProject
Project("{2150E333-8FDC-42A3-9474-1A3956D46DE8}") = ".nuget", ".nuget", "{73F2487C-924C-4984-8CF0-0CEC0B0B650C}"
	ProjectSection(SolutionItems) = preProject
		.nuget\NuGet.Config = .nuget\NuGet.Config
		.nuget\NuGet.exe = .nuget\NuGet.exe
		.nuget\NuGet.targets = .nuget\NuGet.targets
		.nuget\packages.config = .nuget\packages.config
	EndProjectSection
EndProject
Project("{2150E333-8FDC-42A3-9474-1A3956D46DE8}") = "Build", "Build", "{90152298-FDAF-430B-A9B0-FD91848BD21B}"
	ProjectSection(SolutionItems) = preProject
		..\Build.bat = ..\Build.bat
		Build.proj = Build.proj
		CUITe\CUITe.VS2010.nuspec = CUITe\CUITe.VS2010.nuspec
		CUITe\CUITe.VS2012.nuspec = CUITe\CUITe.VS2012.nuspec
		CUITe\CUITe.VS2013.nuspec = CUITe\CUITe.VS2013.nuspec
		..\Test.bat = ..\Test.bat
	EndProjectSection
EndProject
Project("{FAE04EC0-301F-11D3-BF4B-00C04F79EFBC}") = "Sut.Wpf.Controls", "Sut.Wpf.Controls\Sut.Wpf.Controls.csproj", "{26221FFA-E635-4D86-B7CE-53BB16F0399C}"
EndProject
Project("{FAE04EC0-301F-11D3-BF4B-00C04F79EFBC}") = "Sut.Wpf.ControlsTest", "Sut.Wpf.ControlsTest\Sut.Wpf.ControlsTest.csproj", "{AF645712-A7CA-4D8C-8684-FFF737CD0701}"
EndProject
Project("{FAE04EC0-301F-11D3-BF4B-00C04F79EFBC}") = "Sut.WinForms.Controls", "Sut.WinForms.Controls\Sut.WinForms.Controls.csproj", "{A987CABE-0533-4E26-9418-D5B4B8E15B16}"
EndProject
Project("{FAE04EC0-301F-11D3-BF4B-00C04F79EFBC}") = "Sut.WinForms.ControlsTest", "Sut.WinForms.ControlsTest\Sut.WinForms.ControlsTest.csproj", "{7C86AD84-3EE2-4932-9C1C-F57BFFD0EFFD}"
EndProject
Project("{FAE04EC0-301F-11D3-BF4B-00C04F79EFBC}") = "Sut.PeripheralInput", "Sut.PeripheralInput\Sut.PeripheralInput.csproj", "{74419630-9433-4DD4-99FB-80B7A0E8977A}"
EndProject
Project("{FAE04EC0-301F-11D3-BF4B-00C04F79EFBC}") = "Sut.PeripheralInputTest", "Sut.PeripheralInputTest\Sut.PeripheralInputTest.csproj", "{52D01CC6-6C4A-4B39-8C9B-2C6390608B04}"
EndProject
Project("{FAE04EC0-301F-11D3-BF4B-00C04F79EFBC}") = "Sut.SilverlightTest", "Sut.SilverlightTest\Sut.SilverlightTest.csproj", "{C1E6FB2D-2804-4F3E-AC6B-9AED4E25DFB6}"
EndProject
Global
	GlobalSection(SolutionConfigurationPlatforms) = preSolution
		Debug|Any CPU = Debug|Any CPU
		Debug|Mixed Platforms = Debug|Mixed Platforms
		Debug|x86 = Debug|x86
		Release|Any CPU = Release|Any CPU
		Release|Mixed Platforms = Release|Mixed Platforms
		Release|x86 = Release|x86
	EndGlobalSection
	GlobalSection(ProjectConfigurationPlatforms) = postSolution
		{FE093159-2B72-438E-9C73-E3FBAEAC5243}.Debug|Any CPU.ActiveCfg = Debug|Any CPU
		{FE093159-2B72-438E-9C73-E3FBAEAC5243}.Debug|Any CPU.Build.0 = Debug|Any CPU
		{FE093159-2B72-438E-9C73-E3FBAEAC5243}.Debug|Mixed Platforms.ActiveCfg = Debug|Any CPU
		{FE093159-2B72-438E-9C73-E3FBAEAC5243}.Debug|Mixed Platforms.Build.0 = Debug|Any CPU
		{FE093159-2B72-438E-9C73-E3FBAEAC5243}.Debug|x86.ActiveCfg = Debug|Any CPU
		{FE093159-2B72-438E-9C73-E3FBAEAC5243}.Release|Any CPU.ActiveCfg = Release|Any CPU
		{FE093159-2B72-438E-9C73-E3FBAEAC5243}.Release|Any CPU.Build.0 = Release|Any CPU
		{FE093159-2B72-438E-9C73-E3FBAEAC5243}.Release|Mixed Platforms.ActiveCfg = Release|Any CPU
		{FE093159-2B72-438E-9C73-E3FBAEAC5243}.Release|Mixed Platforms.Build.0 = Release|Any CPU
		{FE093159-2B72-438E-9C73-E3FBAEAC5243}.Release|x86.ActiveCfg = Release|Any CPU
		{4CA5CDA2-0678-430B-9079-F11906B54070}.Debug|Any CPU.ActiveCfg = Debug|x86
		{4CA5CDA2-0678-430B-9079-F11906B54070}.Debug|Mixed Platforms.ActiveCfg = Debug|x86
		{4CA5CDA2-0678-430B-9079-F11906B54070}.Debug|Mixed Platforms.Build.0 = Debug|x86
		{4CA5CDA2-0678-430B-9079-F11906B54070}.Debug|x86.ActiveCfg = Debug|x86
		{4CA5CDA2-0678-430B-9079-F11906B54070}.Debug|x86.Build.0 = Debug|x86
		{4CA5CDA2-0678-430B-9079-F11906B54070}.Release|Any CPU.ActiveCfg = Release|x86
		{4CA5CDA2-0678-430B-9079-F11906B54070}.Release|Mixed Platforms.ActiveCfg = Release|x86
		{4CA5CDA2-0678-430B-9079-F11906B54070}.Release|Mixed Platforms.Build.0 = Release|x86
		{4CA5CDA2-0678-430B-9079-F11906B54070}.Release|x86.ActiveCfg = Release|x86
		{4CA5CDA2-0678-430B-9079-F11906B54070}.Release|x86.Build.0 = Release|x86
		{8EA1EB80-66EF-4877-B082-3BFAD597ADEB}.Debug|Any CPU.ActiveCfg = Debug|Any CPU
		{8EA1EB80-66EF-4877-B082-3BFAD597ADEB}.Debug|Any CPU.Build.0 = Debug|Any CPU
		{8EA1EB80-66EF-4877-B082-3BFAD597ADEB}.Debug|Mixed Platforms.ActiveCfg = Debug|Any CPU
		{8EA1EB80-66EF-4877-B082-3BFAD597ADEB}.Debug|Mixed Platforms.Build.0 = Debug|Any CPU
		{8EA1EB80-66EF-4877-B082-3BFAD597ADEB}.Debug|x86.ActiveCfg = Debug|Any CPU
		{8EA1EB80-66EF-4877-B082-3BFAD597ADEB}.Release|Any CPU.ActiveCfg = Release|Any CPU
		{8EA1EB80-66EF-4877-B082-3BFAD597ADEB}.Release|Any CPU.Build.0 = Release|Any CPU
		{8EA1EB80-66EF-4877-B082-3BFAD597ADEB}.Release|Mixed Platforms.ActiveCfg = Release|Any CPU
		{8EA1EB80-66EF-4877-B082-3BFAD597ADEB}.Release|Mixed Platforms.Build.0 = Release|Any CPU
		{8EA1EB80-66EF-4877-B082-3BFAD597ADEB}.Release|x86.ActiveCfg = Release|Any CPU
		{B38FF342-51EB-4338-AE14-D73AF81E5622}.Debug|Any CPU.ActiveCfg = Debug|Any CPU
		{B38FF342-51EB-4338-AE14-D73AF81E5622}.Debug|Any CPU.Build.0 = Debug|Any CPU
		{B38FF342-51EB-4338-AE14-D73AF81E5622}.Debug|Mixed Platforms.ActiveCfg = Debug|Any CPU
		{B38FF342-51EB-4338-AE14-D73AF81E5622}.Debug|Mixed Platforms.Build.0 = Debug|Any CPU
		{B38FF342-51EB-4338-AE14-D73AF81E5622}.Debug|x86.ActiveCfg = Debug|Any CPU
		{B38FF342-51EB-4338-AE14-D73AF81E5622}.Release|Any CPU.ActiveCfg = Release|Any CPU
		{B38FF342-51EB-4338-AE14-D73AF81E5622}.Release|Any CPU.Build.0 = Release|Any CPU
		{B38FF342-51EB-4338-AE14-D73AF81E5622}.Release|Mixed Platforms.ActiveCfg = Release|Any CPU
		{B38FF342-51EB-4338-AE14-D73AF81E5622}.Release|Mixed Platforms.Build.0 = Release|Any CPU
		{B38FF342-51EB-4338-AE14-D73AF81E5622}.Release|x86.ActiveCfg = Release|Any CPU
		{26221FFA-E635-4D86-B7CE-53BB16F0399C}.Debug|Any CPU.ActiveCfg = Debug|Any CPU
		{26221FFA-E635-4D86-B7CE-53BB16F0399C}.Debug|Any CPU.Build.0 = Debug|Any CPU
		{26221FFA-E635-4D86-B7CE-53BB16F0399C}.Debug|Mixed Platforms.ActiveCfg = Debug|Any CPU
		{26221FFA-E635-4D86-B7CE-53BB16F0399C}.Debug|Mixed Platforms.Build.0 = Debug|Any CPU
		{26221FFA-E635-4D86-B7CE-53BB16F0399C}.Debug|x86.ActiveCfg = Debug|Any CPU
		{26221FFA-E635-4D86-B7CE-53BB16F0399C}.Release|Any CPU.ActiveCfg = Release|Any CPU
		{26221FFA-E635-4D86-B7CE-53BB16F0399C}.Release|Any CPU.Build.0 = Release|Any CPU
		{26221FFA-E635-4D86-B7CE-53BB16F0399C}.Release|Mixed Platforms.ActiveCfg = Release|Any CPU
		{26221FFA-E635-4D86-B7CE-53BB16F0399C}.Release|Mixed Platforms.Build.0 = Release|Any CPU
		{26221FFA-E635-4D86-B7CE-53BB16F0399C}.Release|x86.ActiveCfg = Release|Any CPU
		{AF645712-A7CA-4D8C-8684-FFF737CD0701}.Debug|Any CPU.ActiveCfg = Debug|Any CPU
		{AF645712-A7CA-4D8C-8684-FFF737CD0701}.Debug|Any CPU.Build.0 = Debug|Any CPU
		{AF645712-A7CA-4D8C-8684-FFF737CD0701}.Debug|Mixed Platforms.ActiveCfg = Debug|Any CPU
		{AF645712-A7CA-4D8C-8684-FFF737CD0701}.Debug|Mixed Platforms.Build.0 = Debug|Any CPU
		{AF645712-A7CA-4D8C-8684-FFF737CD0701}.Debug|x86.ActiveCfg = Debug|Any CPU
		{AF645712-A7CA-4D8C-8684-FFF737CD0701}.Release|Any CPU.ActiveCfg = Release|Any CPU
		{AF645712-A7CA-4D8C-8684-FFF737CD0701}.Release|Any CPU.Build.0 = Release|Any CPU
		{AF645712-A7CA-4D8C-8684-FFF737CD0701}.Release|Mixed Platforms.ActiveCfg = Release|Any CPU
		{AF645712-A7CA-4D8C-8684-FFF737CD0701}.Release|Mixed Platforms.Build.0 = Release|Any CPU
		{AF645712-A7CA-4D8C-8684-FFF737CD0701}.Release|x86.ActiveCfg = Release|Any CPU
		{A987CABE-0533-4E26-9418-D5B4B8E15B16}.Debug|Any CPU.ActiveCfg = Debug|Any CPU
		{A987CABE-0533-4E26-9418-D5B4B8E15B16}.Debug|Any CPU.Build.0 = Debug|Any CPU
		{A987CABE-0533-4E26-9418-D5B4B8E15B16}.Debug|Mixed Platforms.ActiveCfg = Debug|Any CPU
		{A987CABE-0533-4E26-9418-D5B4B8E15B16}.Debug|Mixed Platforms.Build.0 = Debug|Any CPU
		{A987CABE-0533-4E26-9418-D5B4B8E15B16}.Debug|x86.ActiveCfg = Debug|Any CPU
		{A987CABE-0533-4E26-9418-D5B4B8E15B16}.Release|Any CPU.ActiveCfg = Release|Any CPU
		{A987CABE-0533-4E26-9418-D5B4B8E15B16}.Release|Any CPU.Build.0 = Release|Any CPU
		{A987CABE-0533-4E26-9418-D5B4B8E15B16}.Release|Mixed Platforms.ActiveCfg = Release|Any CPU
		{A987CABE-0533-4E26-9418-D5B4B8E15B16}.Release|Mixed Platforms.Build.0 = Release|Any CPU
		{A987CABE-0533-4E26-9418-D5B4B8E15B16}.Release|x86.ActiveCfg = Release|Any CPU
		{7C86AD84-3EE2-4932-9C1C-F57BFFD0EFFD}.Debug|Any CPU.ActiveCfg = Debug|Any CPU
		{7C86AD84-3EE2-4932-9C1C-F57BFFD0EFFD}.Debug|Any CPU.Build.0 = Debug|Any CPU
		{7C86AD84-3EE2-4932-9C1C-F57BFFD0EFFD}.Debug|Mixed Platforms.ActiveCfg = Debug|Any CPU
		{7C86AD84-3EE2-4932-9C1C-F57BFFD0EFFD}.Debug|Mixed Platforms.Build.0 = Debug|Any CPU
		{7C86AD84-3EE2-4932-9C1C-F57BFFD0EFFD}.Debug|x86.ActiveCfg = Debug|Any CPU
		{7C86AD84-3EE2-4932-9C1C-F57BFFD0EFFD}.Release|Any CPU.ActiveCfg = Release|Any CPU
		{7C86AD84-3EE2-4932-9C1C-F57BFFD0EFFD}.Release|Any CPU.Build.0 = Release|Any CPU
		{7C86AD84-3EE2-4932-9C1C-F57BFFD0EFFD}.Release|Mixed Platforms.ActiveCfg = Release|Any CPU
		{7C86AD84-3EE2-4932-9C1C-F57BFFD0EFFD}.Release|Mixed Platforms.Build.0 = Release|Any CPU
		{7C86AD84-3EE2-4932-9C1C-F57BFFD0EFFD}.Release|x86.ActiveCfg = Release|Any CPU
		{74419630-9433-4DD4-99FB-80B7A0E8977A}.Debug|Any CPU.ActiveCfg = Debug|Any CPU
		{74419630-9433-4DD4-99FB-80B7A0E8977A}.Debug|Any CPU.Build.0 = Debug|Any CPU
		{74419630-9433-4DD4-99FB-80B7A0E8977A}.Debug|Mixed Platforms.ActiveCfg = Debug|Any CPU
		{74419630-9433-4DD4-99FB-80B7A0E8977A}.Debug|Mixed Platforms.Build.0 = Debug|Any CPU
		{74419630-9433-4DD4-99FB-80B7A0E8977A}.Debug|x86.ActiveCfg = Debug|Any CPU
		{74419630-9433-4DD4-99FB-80B7A0E8977A}.Release|Any CPU.ActiveCfg = Release|Any CPU
		{74419630-9433-4DD4-99FB-80B7A0E8977A}.Release|Any CPU.Build.0 = Release|Any CPU
		{74419630-9433-4DD4-99FB-80B7A0E8977A}.Release|Mixed Platforms.ActiveCfg = Release|Any CPU
		{74419630-9433-4DD4-99FB-80B7A0E8977A}.Release|Mixed Platforms.Build.0 = Release|Any CPU
		{74419630-9433-4DD4-99FB-80B7A0E8977A}.Release|x86.ActiveCfg = Release|Any CPU
		{52D01CC6-6C4A-4B39-8C9B-2C6390608B04}.Debug|Any CPU.ActiveCfg = Debug|Any CPU
		{52D01CC6-6C4A-4B39-8C9B-2C6390608B04}.Debug|Any CPU.Build.0 = Debug|Any CPU
		{52D01CC6-6C4A-4B39-8C9B-2C6390608B04}.Debug|Mixed Platforms.ActiveCfg = Debug|Any CPU
		{52D01CC6-6C4A-4B39-8C9B-2C6390608B04}.Debug|Mixed Platforms.Build.0 = Debug|Any CPU
		{52D01CC6-6C4A-4B39-8C9B-2C6390608B04}.Debug|x86.ActiveCfg = Debug|Any CPU
		{52D01CC6-6C4A-4B39-8C9B-2C6390608B04}.Release|Any CPU.ActiveCfg = Release|Any CPU
		{52D01CC6-6C4A-4B39-8C9B-2C6390608B04}.Release|Any CPU.Build.0 = Release|Any CPU
		{52D01CC6-6C4A-4B39-8C9B-2C6390608B04}.Release|Mixed Platforms.ActiveCfg = Release|Any CPU
		{52D01CC6-6C4A-4B39-8C9B-2C6390608B04}.Release|Mixed Platforms.Build.0 = Release|Any CPU
		{52D01CC6-6C4A-4B39-8C9B-2C6390608B04}.Release|x86.ActiveCfg = Release|Any CPU
		{C1E6FB2D-2804-4F3E-AC6B-9AED4E25DFB6}.Debug|Any CPU.ActiveCfg = Debug|Any CPU
		{C1E6FB2D-2804-4F3E-AC6B-9AED4E25DFB6}.Debug|Any CPU.Build.0 = Debug|Any CPU
		{C1E6FB2D-2804-4F3E-AC6B-9AED4E25DFB6}.Debug|Mixed Platforms.ActiveCfg = Debug|Any CPU
		{C1E6FB2D-2804-4F3E-AC6B-9AED4E25DFB6}.Debug|Mixed Platforms.Build.0 = Debug|Any CPU
		{C1E6FB2D-2804-4F3E-AC6B-9AED4E25DFB6}.Debug|x86.ActiveCfg = Debug|Any CPU
		{C1E6FB2D-2804-4F3E-AC6B-9AED4E25DFB6}.Release|Any CPU.ActiveCfg = Release|Any CPU
		{C1E6FB2D-2804-4F3E-AC6B-9AED4E25DFB6}.Release|Any CPU.Build.0 = Release|Any CPU
		{C1E6FB2D-2804-4F3E-AC6B-9AED4E25DFB6}.Release|Mixed Platforms.ActiveCfg = Release|Any CPU
		{C1E6FB2D-2804-4F3E-AC6B-9AED4E25DFB6}.Release|Mixed Platforms.Build.0 = Release|Any CPU
		{C1E6FB2D-2804-4F3E-AC6B-9AED4E25DFB6}.Release|x86.ActiveCfg = Release|Any CPU
	EndGlobalSection
	GlobalSection(SolutionProperties) = preSolution
		HideSolutionNode = FALSE
	EndGlobalSection
EndGlobal
