
Microsoft Visual Studio Solution File, Format Version 12.00
# Visual Studio 15
VisualStudioVersion = 15.0.26430.16
MinimumVisualStudioVersion = 10.0.40219.1
Project("{FAE04EC0-301F-11D3-BF4B-00C04F79EFBC}") = "CUITe", "CUITe\CUITe.csproj", "{FE093159-2B72-438E-9C73-E3FBAEAC5243}"
EndProject
Project("{FAE04EC0-301F-11D3-BF4B-00C04F79EFBC}") = "CUITe_ObjectRecorder", "CUITe_ObjectRecorder\CUITe_ObjectRecorder.csproj", "{4CA5CDA2-0678-430B-9079-F11906B54070}"
EndProject
Project("{FAE04EC0-301F-11D3-BF4B-00C04F79EFBC}") = "Sut.HtmlTest", "SystemsUnderTest\Sut.HtmlTest\Sut.HtmlTest.csproj", "{8EA1EB80-66EF-4877-B082-3BFAD597ADEB}"
EndProject
Project("{2150E333-8FDC-42A3-9474-1A3956D46DE8}") = "Solution Items", "Solution Items", "{B5966864-ABF9-4923-B7E3-F31F95C9AABA}"
	ProjectSection(SolutionItems) = preProject
		..\.gitattributes = ..\.gitattributes
		..\.gitignore = ..\.gitignore
		Targets\CodedUITests.targets = Targets\CodedUITests.targets
		CommonAssemblyInfo.cs = CommonAssemblyInfo.cs
		Targets\CUIT.Silverlight.targets = Targets\CUIT.Silverlight.targets
		Targets\CUIT.targets = Targets\CUIT.targets
		CUITe.snk = CUITe.snk
		CUITe.vsmdi = CUITe.vsmdi
		DefineNetFxCompilationConstants.prop = DefineNetFxCompilationConstants.prop
		Local.testsettings = Local.testsettings
		Local_CUITv10.runsettings = Local_CUITv10.runsettings
		Local_CUITv11.runsettings = Local_CUITv11.runsettings
		Local_CUITv12.runsettings = Local_CUITv12.runsettings
		Local_CUITv14.runsettings = Local_CUITv14.runsettings
		Local_CUITv15.runsettings = Local_CUITv15.runsettings
		Project.props = Project.props
		Targets\SilverlightUIAutomationHelper.targets = Targets\SilverlightUIAutomationHelper.targets
	EndProjectSection
EndProject
Project("{FAE04EC0-301F-11D3-BF4B-00C04F79EFBC}") = "Sut.Silverlight", "SystemsUnderTest\Sut.Silverlight\Sut.Silverlight.csproj", "{B38FF342-51EB-4338-AE14-D73AF81E5622}"
EndProject
Project("{2150E333-8FDC-42A3-9474-1A3956D46DE8}") = ".nuget", ".nuget", "{73F2487C-924C-4984-8CF0-0CEC0B0B650C}"
	ProjectSection(SolutionItems) = preProject
		.nuget\NuGet.Config = .nuget\NuGet.Config
		.nuget\NuGet.exe = .nuget\NuGet.exe
		.nuget\NuGet.targets = .nuget\NuGet.targets
		.nuget\packages.config = .nuget\packages.config
	EndProjectSection
EndProject
Project("{2150E333-8FDC-42A3-9474-1A3956D46DE8}") = "Build", "Build", "{90152298-FDAF-430B-A9B0-FD91848BD21B}"
	ProjectSection(SolutionItems) = preProject
		..\build\ApplyVersionToAssemblies.ps1 = ..\build\ApplyVersionToAssemblies.ps1
		..\appveyor.yml = ..\appveyor.yml
		..\azure-pipelines.yml = ..\azure-pipelines.yml
		..\Build.bat = ..\Build.bat
		Build.proj = Build.proj
		..\build\DownloadAndInstallDependencies.ps1 = ..\build\DownloadAndInstallDependencies.ps1
		..\build\ProcessRunner.ps1 = ..\build\ProcessRunner.ps1
		..\SetDevelopmentEnvironment.bat = ..\SetDevelopmentEnvironment.bat
		..\Test.bat = ..\Test.bat
	EndProjectSection
EndProject
Project("{FAE04EC0-301F-11D3-BF4B-00C04F79EFBC}") = "Sut.Wpf.Controls", "SystemsUnderTest\Sut.Wpf.Controls\Sut.Wpf.Controls.csproj", "{26221FFA-E635-4D86-B7CE-53BB16F0399C}"
EndProject
Project("{FAE04EC0-301F-11D3-BF4B-00C04F79EFBC}") = "Sut.Wpf.ControlsTest", "SystemsUnderTest\Sut.Wpf.ControlsTest\Sut.Wpf.ControlsTest.csproj", "{AF645712-A7CA-4D8C-8684-FFF737CD0701}"
	ProjectSection(ProjectDependencies) = postProject
		{26221FFA-E635-4D86-B7CE-53BB16F0399C} = {26221FFA-E635-4D86-B7CE-53BB16F0399C}
	EndProjectSection
EndProject
Project("{FAE04EC0-301F-11D3-BF4B-00C04F79EFBC}") = "Sut.WinForms.Controls", "SystemsUnderTest\Sut.WinForms.Controls\Sut.WinForms.Controls.csproj", "{A987CABE-0533-4E26-9418-D5B4B8E15B16}"
EndProject
Project("{FAE04EC0-301F-11D3-BF4B-00C04F79EFBC}") = "Sut.WinForms.ControlsTest", "SystemsUnderTest\Sut.WinForms.ControlsTest\Sut.WinForms.ControlsTest.csproj", "{7C86AD84-3EE2-4932-9C1C-F57BFFD0EFFD}"
	ProjectSection(ProjectDependencies) = postProject
		{A987CABE-0533-4E26-9418-D5B4B8E15B16} = {A987CABE-0533-4E26-9418-D5B4B8E15B16}
	EndProjectSection
EndProject
Project("{FAE04EC0-301F-11D3-BF4B-00C04F79EFBC}") = "Sut.PeripheralInput", "SystemsUnderTest\Sut.PeripheralInput\Sut.PeripheralInput.csproj", "{74419630-9433-4DD4-99FB-80B7A0E8977A}"
EndProject
Project("{FAE04EC0-301F-11D3-BF4B-00C04F79EFBC}") = "Sut.PeripheralInputTest", "SystemsUnderTest\Sut.PeripheralInputTest\Sut.PeripheralInputTest.csproj", "{52D01CC6-6C4A-4B39-8C9B-2C6390608B04}"
	ProjectSection(ProjectDependencies) = postProject
		{74419630-9433-4DD4-99FB-80B7A0E8977A} = {74419630-9433-4DD4-99FB-80B7A0E8977A}
	EndProjectSection
EndProject
Project("{FAE04EC0-301F-11D3-BF4B-00C04F79EFBC}") = "Sut.SilverlightTest", "SystemsUnderTest\Sut.SilverlightTest\Sut.SilverlightTest.csproj", "{C1E6FB2D-2804-4F3E-AC6B-9AED4E25DFB6}"
	ProjectSection(ProjectDependencies) = postProject
		{B38FF342-51EB-4338-AE14-D73AF81E5622} = {B38FF342-51EB-4338-AE14-D73AF81E5622}
	EndProjectSection
EndProject
Project("{FAE04EC0-301F-11D3-BF4B-00C04F79EFBC}") = "CUITeTest", "CUITeTest\CUITeTest.csproj", "{313F3E35-5C0D-40FC-AE5E-EBDD4A9EDE2E}"
EndProject
Project("{FAE04EC0-301F-11D3-BF4B-00C04F79EFBC}") = "CUITe.Silverlight", "CUITe.Silverlight\CUITe.Silverlight.csproj", "{48CB8820-8BAA-4588-BFB6-69D731C89BDE}"
EndProject
Project("{2150E333-8FDC-42A3-9474-1A3956D46DE8}") = "Documentation", "Documentation", "{C9B4D70B-E5D5-45FF-8B34-FCBBC882CEEB}"
	ProjectSection(SolutionItems) = preProject
		..\CHANGELOG.md = ..\CHANGELOG.md
		..\CONTRIBUTING.md = ..\CONTRIBUTING.md
		..\LICENSE = ..\LICENSE
		..\README.md = ..\README.md
	EndProjectSection
EndProject
Project("{FAE04EC0-301F-11D3-BF4B-00C04F79EFBC}") = "Sut.Wpf.ScreenObjects", "SystemsUnderTest\Sut.Wpf.ScreenObjects\Sut.Wpf.ScreenObjects.csproj", "{729F30CB-E99A-48C5-A945-0C9BD2B225E9}"
EndProject
Project("{FAE04EC0-301F-11D3-BF4B-00C04F79EFBC}") = "Sut.Wpf.ScreenObjectsTest", "SystemsUnderTest\Sut.Wpf.ScreenObjectsTest\Sut.Wpf.ScreenObjectsTest.csproj", "{7BC249D6-3DBA-45AA-8C14-0657B25EDE92}"
	ProjectSection(ProjectDependencies) = postProject
		{729F30CB-E99A-48C5-A945-0C9BD2B225E9} = {729F30CB-E99A-48C5-A945-0C9BD2B225E9}
	EndProjectSection
EndProject
Project("{FAE04EC0-301F-11D3-BF4B-00C04F79EFBC}") = "Sut.WinForms.ScreenObjects", "SystemsUnderTest\Sut.WinForms.ScreenObjects\Sut.WinForms.ScreenObjects.csproj", "{E7DA3FC7-12EB-4086-A929-C77376BA02E9}"
EndProject
Project("{FAE04EC0-301F-11D3-BF4B-00C04F79EFBC}") = "Sut.WinForms.ScreenObjectsTest", "SystemsUnderTest\Sut.WinForms.ScreenObjectsTest\Sut.WinForms.ScreenObjectsTest.csproj", "{15714E76-8A05-4023-B924-C911B0CD4122}"
	ProjectSection(ProjectDependencies) = postProject
		{E7DA3FC7-12EB-4086-A929-C77376BA02E9} = {E7DA3FC7-12EB-4086-A929-C77376BA02E9}
	EndProjectSection
EndProject
Project("{FAE04EC0-301F-11D3-BF4B-00C04F79EFBC}") = "Sut.Html.PageObjectsTest", "SystemsUnderTest\Sut.Html.PageObjectsTest\Sut.Html.PageObjectsTest.csproj", "{42937C6D-41D3-423D-BC71-05E1C21401A6}"
EndProject
Project("{FAE04EC0-301F-11D3-BF4B-00C04F79EFBC}") = "TestHelpers", "SystemsUnderTest\TestHelpers\TestHelpers.csproj", "{813FC5B1-D329-4CE3-903A-10BA647535AF}"
EndProject
Project("{FAE04EC0-301F-11D3-BF4B-00C04F79EFBC}") = "Sut.Silverlight.PageObjects", "SystemsUnderTest\Sut.Silverlight.PageObjects\Sut.Silverlight.PageObjects.csproj", "{A71A6E0C-D9EB-4593-9B9B-AA0AC48F1082}"
EndProject
Project("{FAE04EC0-301F-11D3-BF4B-00C04F79EFBC}") = "Sut.Silverlight.PageObjectsTest", "SystemsUnderTest\Sut.Silverlight.PageObjectsTest\Sut.Silverlight.PageObjectsTest.csproj", "{3E624F8A-A115-4792-8C86-51FB529C34E5}"
	ProjectSection(ProjectDependencies) = postProject
		{A71A6E0C-D9EB-4593-9B9B-AA0AC48F1082} = {A71A6E0C-D9EB-4593-9B9B-AA0AC48F1082}
	EndProjectSection
EndProject
Project("{FAE04EC0-301F-11D3-BF4B-00C04F79EFBC}") = "Sut.Wpf.Workflows", "SystemsUnderTest\Sut.Wpf.Workflows\Sut.Wpf.Workflows.csproj", "{ED312AAC-D022-49BA-A049-043D0091C9F5}"
EndProject
Project("{2150E333-8FDC-42A3-9474-1A3956D46DE8}") = "Systems Under Test", "Systems Under Test", "{0D358022-2827-4DDD-9945-FEC322B4E946}"
EndProject
Project("{FAE04EC0-301F-11D3-BF4B-00C04F79EFBC}") = "Sut.Wpf.WorkflowsTest", "SystemsUnderTest\Sut.Wpf.WorkflowsTest\Sut.Wpf.WorkflowsTest.csproj", "{0A42B4CE-A090-410F-BDEA-199848598059}"
	ProjectSection(ProjectDependencies) = postProject
		{ED312AAC-D022-49BA-A049-043D0091C9F5} = {ED312AAC-D022-49BA-A049-043D0091C9F5}
	EndProjectSection
EndProject
Project("{FAE04EC0-301F-11D3-BF4B-00C04F79EFBC}") = "Sut.Html.WorkflowsTest", "SystemsUnderTest\Sut.Html.WorkflowsTest\Sut.Html.WorkflowsTest.csproj", "{D8E9A365-E3CE-46C9-A501-E49924336B42}"
EndProject
Project("{FAE04EC0-301F-11D3-BF4B-00C04F79EFBC}") = "Sut.Silverlight.Workflows", "SystemsUnderTest\Sut.Silverlight.Workflows\Sut.Silverlight.Workflows.csproj", "{EE2AB077-2630-4F38-944C-B1D623FCB41E}"
EndProject
Project("{FAE04EC0-301F-11D3-BF4B-00C04F79EFBC}") = "Sut.Silverlight.WorkflowsTest", "SystemsUnderTest\Sut.Silverlight.WorkflowsTest\Sut.Silverlight.WorkflowsTest.csproj", "{20AC600B-F91D-42EF-B763-F08674009437}"
	ProjectSection(ProjectDependencies) = postProject
		{EE2AB077-2630-4F38-944C-B1D623FCB41E} = {EE2AB077-2630-4F38-944C-B1D623FCB41E}
	EndProjectSection
EndProject
Project("{FAE04EC0-301F-11D3-BF4B-00C04F79EFBC}") = "Sut.WinForms.Workflows", "SystemsUnderTest\Sut.WinForms.Workflows\Sut.WinForms.Workflows.csproj", "{E941D076-41B8-4EBD-90B1-668EB25304F0}"
EndProject
Project("{FAE04EC0-301F-11D3-BF4B-00C04F79EFBC}") = "Sut.WinForms.WorkflowsTest", "SystemsUnderTest\Sut.WinForms.WorkflowsTest\Sut.WinForms.WorkflowsTest.csproj", "{2BF7540C-E1AB-4E3B-A37C-A7D621AAF4CD}"
	ProjectSection(ProjectDependencies) = postProject
		{E941D076-41B8-4EBD-90B1-668EB25304F0} = {E941D076-41B8-4EBD-90B1-668EB25304F0}
	EndProjectSection
EndProject
Project("{FAE04EC0-301F-11D3-BF4B-00C04F79EFBC}") = "CUITe.IntegrationTests", "CUITe.IntegrationTests\CUITe.IntegrationTests.csproj", "{9E236576-EA59-46B1-A6C9-FB9A17D32118}"
	ProjectSection(ProjectDependencies) = postProject
		{4CA5CDA2-0678-430B-9079-F11906B54070} = {4CA5CDA2-0678-430B-9079-F11906B54070}
	EndProjectSection
EndProject
Project("{2150E333-8FDC-42A3-9474-1A3956D46DE8}") = "Chocolatey", "Chocolatey", "{907C048D-1D9C-4532-BE04-6A459EF485E6}"
	ProjectSection(SolutionItems) = preProject
		..\build\Chocolatey\CopyChocolateyLogs.ps1 = ..\build\Chocolatey\CopyChocolateyLogs.ps1
	EndProjectSection
EndProject
Project("{2150E333-8FDC-42A3-9474-1A3956D46DE8}") = "TeamViewer", "TeamViewer", "{C812E996-2A5F-41EB-8B1C-F5B896B46B25}"
	ProjectSection(SolutionItems) = preProject
		..\build\TeamViewer\EnableRemoteConnection.ps1 = ..\build\TeamViewer\EnableRemoteConnection.ps1
		..\build\TeamViewer\TeamViewer_Settings.reg = ..\build\TeamViewer\TeamViewer_Settings.reg
		..\build\TeamViewer\WaitForRemoteConnection.ps1 = ..\build\TeamViewer\WaitForRemoteConnection.ps1
	EndProjectSection
EndProject
Project("{2150E333-8FDC-42A3-9474-1A3956D46DE8}") = "Firefox", "Firefox", "{31234E55-E834-4396-BC55-4C8D34201EE4}"
	ProjectSection(SolutionItems) = preProject
		..\build\Firefox\local-settings.js = ..\build\Firefox\local-settings.js
		..\build\Firefox\mozilla.cfg = ..\build\Firefox\mozilla.cfg
		..\build\Firefox\override.ini = ..\build\Firefox\override.ini
	EndProjectSection
EndProject
Global
	GlobalSection(SolutionConfigurationPlatforms) = preSolution
		Debug|Any CPU = Debug|Any CPU
		Debug|Mixed Platforms = Debug|Mixed Platforms
		Debug|x86 = Debug|x86
		Release|Any CPU = Release|Any CPU
		Release|Mixed Platforms = Release|Mixed Platforms
		Release|x86 = Release|x86
	EndGlobalSection
	GlobalSection(ProjectConfigurationPlatforms) = postSolution
		{FE093159-2B72-438E-9C73-E3FBAEAC5243}.Debug|Any CPU.ActiveCfg = Debug|Any CPU
		{FE093159-2B72-438E-9C73-E3FBAEAC5243}.Debug|Any CPU.Build.0 = Debug|Any CPU
		{FE093159-2B72-438E-9C73-E3FBAEAC5243}.Debug|Mixed Platforms.ActiveCfg = Debug|Any CPU
		{FE093159-2B72-438E-9C73-E3FBAEAC5243}.Debug|Mixed Platforms.Build.0 = Debug|Any CPU
		{FE093159-2B72-438E-9C73-E3FBAEAC5243}.Debug|x86.ActiveCfg = Debug|Any CPU
		{FE093159-2B72-438E-9C73-E3FBAEAC5243}.Release|Any CPU.ActiveCfg = Release|Any CPU
		{FE093159-2B72-438E-9C73-E3FBAEAC5243}.Release|Any CPU.Build.0 = Release|Any CPU
		{FE093159-2B72-438E-9C73-E3FBAEAC5243}.Release|Mixed Platforms.ActiveCfg = Release|Any CPU
		{FE093159-2B72-438E-9C73-E3FBAEAC5243}.Release|Mixed Platforms.Build.0 = Release|Any CPU
		{FE093159-2B72-438E-9C73-E3FBAEAC5243}.Release|x86.ActiveCfg = Release|Any CPU
		{4CA5CDA2-0678-430B-9079-F11906B54070}.Debug|Any CPU.ActiveCfg = Debug|x86
		{4CA5CDA2-0678-430B-9079-F11906B54070}.Debug|Mixed Platforms.ActiveCfg = Debug|x86
		{4CA5CDA2-0678-430B-9079-F11906B54070}.Debug|Mixed Platforms.Build.0 = Debug|x86
		{4CA5CDA2-0678-430B-9079-F11906B54070}.Debug|x86.ActiveCfg = Debug|x86
		{4CA5CDA2-0678-430B-9079-F11906B54070}.Debug|x86.Build.0 = Debug|x86
		{4CA5CDA2-0678-430B-9079-F11906B54070}.Release|Any CPU.ActiveCfg = Release|x86
		{4CA5CDA2-0678-430B-9079-F11906B54070}.Release|Mixed Platforms.ActiveCfg = Release|x86
		{4CA5CDA2-0678-430B-9079-F11906B54070}.Release|Mixed Platforms.Build.0 = Release|x86
		{4CA5CDA2-0678-430B-9079-F11906B54070}.Release|x86.ActiveCfg = Release|x86
		{4CA5CDA2-0678-430B-9079-F11906B54070}.Release|x86.Build.0 = Release|x86
		{8EA1EB80-66EF-4877-B082-3BFAD597ADEB}.Debug|Any CPU.ActiveCfg = Debug|Any CPU
		{8EA1EB80-66EF-4877-B082-3BFAD597ADEB}.Debug|Any CPU.Build.0 = Debug|Any CPU
		{8EA1EB80-66EF-4877-B082-3BFAD597ADEB}.Debug|Mixed Platforms.ActiveCfg = Debug|Any CPU
		{8EA1EB80-66EF-4877-B082-3BFAD597ADEB}.Debug|Mixed Platforms.Build.0 = Debug|Any CPU
		{8EA1EB80-66EF-4877-B082-3BFAD597ADEB}.Debug|x86.ActiveCfg = Debug|Any CPU
		{8EA1EB80-66EF-4877-B082-3BFAD597ADEB}.Release|Any CPU.ActiveCfg = Release|Any CPU
		{8EA1EB80-66EF-4877-B082-3BFAD597ADEB}.Release|Any CPU.Build.0 = Release|Any CPU
		{8EA1EB80-66EF-4877-B082-3BFAD597ADEB}.Release|Mixed Platforms.ActiveCfg = Release|Any CPU
		{8EA1EB80-66EF-4877-B082-3BFAD597ADEB}.Release|Mixed Platforms.Build.0 = Release|Any CPU
		{8EA1EB80-66EF-4877-B082-3BFAD597ADEB}.Release|x86.ActiveCfg = Release|Any CPU
		{B38FF342-51EB-4338-AE14-D73AF81E5622}.Debug|Any CPU.ActiveCfg = Debug|Any CPU
		{B38FF342-51EB-4338-AE14-D73AF81E5622}.Debug|Any CPU.Build.0 = Debug|Any CPU
		{B38FF342-51EB-4338-AE14-D73AF81E5622}.Debug|Mixed Platforms.ActiveCfg = Debug|Any CPU
		{B38FF342-51EB-4338-AE14-D73AF81E5622}.Debug|Mixed Platforms.Build.0 = Debug|Any CPU
		{B38FF342-51EB-4338-AE14-D73AF81E5622}.Debug|x86.ActiveCfg = Debug|Any CPU
		{B38FF342-51EB-4338-AE14-D73AF81E5622}.Release|Any CPU.ActiveCfg = Release|Any CPU
		{B38FF342-51EB-4338-AE14-D73AF81E5622}.Release|Any CPU.Build.0 = Release|Any CPU
		{B38FF342-51EB-4338-AE14-D73AF81E5622}.Release|Mixed Platforms.ActiveCfg = Release|Any CPU
		{B38FF342-51EB-4338-AE14-D73AF81E5622}.Release|Mixed Platforms.Build.0 = Release|Any CPU
		{B38FF342-51EB-4338-AE14-D73AF81E5622}.Release|x86.ActiveCfg = Release|Any CPU
		{26221FFA-E635-4D86-B7CE-53BB16F0399C}.Debug|Any CPU.ActiveCfg = Debug|Any CPU
		{26221FFA-E635-4D86-B7CE-53BB16F0399C}.Debug|Any CPU.Build.0 = Debug|Any CPU
		{26221FFA-E635-4D86-B7CE-53BB16F0399C}.Debug|Mixed Platforms.ActiveCfg = Debug|Any CPU
		{26221FFA-E635-4D86-B7CE-53BB16F0399C}.Debug|Mixed Platforms.Build.0 = Debug|Any CPU
		{26221FFA-E635-4D86-B7CE-53BB16F0399C}.Debug|x86.ActiveCfg = Debug|Any CPU
		{26221FFA-E635-4D86-B7CE-53BB16F0399C}.Release|Any CPU.ActiveCfg = Release|Any CPU
		{26221FFA-E635-4D86-B7CE-53BB16F0399C}.Release|Any CPU.Build.0 = Release|Any CPU
		{26221FFA-E635-4D86-B7CE-53BB16F0399C}.Release|Mixed Platforms.ActiveCfg = Release|Any CPU
		{26221FFA-E635-4D86-B7CE-53BB16F0399C}.Release|Mixed Platforms.Build.0 = Release|Any CPU
		{26221FFA-E635-4D86-B7CE-53BB16F0399C}.Release|x86.ActiveCfg = Release|Any CPU
		{AF645712-A7CA-4D8C-8684-FFF737CD0701}.Debug|Any CPU.ActiveCfg = Debug|Any CPU
		{AF645712-A7CA-4D8C-8684-FFF737CD0701}.Debug|Any CPU.Build.0 = Debug|Any CPU
		{AF645712-A7CA-4D8C-8684-FFF737CD0701}.Debug|Mixed Platforms.ActiveCfg = Debug|Any CPU
		{AF645712-A7CA-4D8C-8684-FFF737CD0701}.Debug|Mixed Platforms.Build.0 = Debug|Any CPU
		{AF645712-A7CA-4D8C-8684-FFF737CD0701}.Debug|x86.ActiveCfg = Debug|Any CPU
		{AF645712-A7CA-4D8C-8684-FFF737CD0701}.Release|Any CPU.ActiveCfg = Release|Any CPU
		{AF645712-A7CA-4D8C-8684-FFF737CD0701}.Release|Any CPU.Build.0 = Release|Any CPU
		{AF645712-A7CA-4D8C-8684-FFF737CD0701}.Release|Mixed Platforms.ActiveCfg = Release|Any CPU
		{AF645712-A7CA-4D8C-8684-FFF737CD0701}.Release|Mixed Platforms.Build.0 = Release|Any CPU
		{AF645712-A7CA-4D8C-8684-FFF737CD0701}.Release|x86.ActiveCfg = Release|Any CPU
		{A987CABE-0533-4E26-9418-D5B4B8E15B16}.Debug|Any CPU.ActiveCfg = Debug|Any CPU
		{A987CABE-0533-4E26-9418-D5B4B8E15B16}.Debug|Any CPU.Build.0 = Debug|Any CPU
		{A987CABE-0533-4E26-9418-D5B4B8E15B16}.Debug|Mixed Platforms.ActiveCfg = Debug|Any CPU
		{A987CABE-0533-4E26-9418-D5B4B8E15B16}.Debug|Mixed Platforms.Build.0 = Debug|Any CPU
		{A987CABE-0533-4E26-9418-D5B4B8E15B16}.Debug|x86.ActiveCfg = Debug|Any CPU
		{A987CABE-0533-4E26-9418-D5B4B8E15B16}.Release|Any CPU.ActiveCfg = Release|Any CPU
		{A987CABE-0533-4E26-9418-D5B4B8E15B16}.Release|Any CPU.Build.0 = Release|Any CPU
		{A987CABE-0533-4E26-9418-D5B4B8E15B16}.Release|Mixed Platforms.ActiveCfg = Release|Any CPU
		{A987CABE-0533-4E26-9418-D5B4B8E15B16}.Release|Mixed Platforms.Build.0 = Release|Any CPU
		{A987CABE-0533-4E26-9418-D5B4B8E15B16}.Release|x86.ActiveCfg = Release|Any CPU
		{7C86AD84-3EE2-4932-9C1C-F57BFFD0EFFD}.Debug|Any CPU.ActiveCfg = Debug|Any CPU
		{7C86AD84-3EE2-4932-9C1C-F57BFFD0EFFD}.Debug|Any CPU.Build.0 = Debug|Any CPU
		{7C86AD84-3EE2-4932-9C1C-F57BFFD0EFFD}.Debug|Mixed Platforms.ActiveCfg = Debug|Any CPU
		{7C86AD84-3EE2-4932-9C1C-F57BFFD0EFFD}.Debug|Mixed Platforms.Build.0 = Debug|Any CPU
		{7C86AD84-3EE2-4932-9C1C-F57BFFD0EFFD}.Debug|x86.ActiveCfg = Debug|Any CPU
		{7C86AD84-3EE2-4932-9C1C-F57BFFD0EFFD}.Release|Any CPU.ActiveCfg = Release|Any CPU
		{7C86AD84-3EE2-4932-9C1C-F57BFFD0EFFD}.Release|Any CPU.Build.0 = Release|Any CPU
		{7C86AD84-3EE2-4932-9C1C-F57BFFD0EFFD}.Release|Mixed Platforms.ActiveCfg = Release|Any CPU
		{7C86AD84-3EE2-4932-9C1C-F57BFFD0EFFD}.Release|Mixed Platforms.Build.0 = Release|Any CPU
		{7C86AD84-3EE2-4932-9C1C-F57BFFD0EFFD}.Release|x86.ActiveCfg = Release|Any CPU
		{74419630-9433-4DD4-99FB-80B7A0E8977A}.Debug|Any CPU.ActiveCfg = Debug|Any CPU
		{74419630-9433-4DD4-99FB-80B7A0E8977A}.Debug|Any CPU.Build.0 = Debug|Any CPU
		{74419630-9433-4DD4-99FB-80B7A0E8977A}.Debug|Mixed Platforms.ActiveCfg = Debug|Any CPU
		{74419630-9433-4DD4-99FB-80B7A0E8977A}.Debug|Mixed Platforms.Build.0 = Debug|Any CPU
		{74419630-9433-4DD4-99FB-80B7A0E8977A}.Debug|x86.ActiveCfg = Debug|Any CPU
		{74419630-9433-4DD4-99FB-80B7A0E8977A}.Release|Any CPU.ActiveCfg = Release|Any CPU
		{74419630-9433-4DD4-99FB-80B7A0E8977A}.Release|Any CPU.Build.0 = Release|Any CPU
		{74419630-9433-4DD4-99FB-80B7A0E8977A}.Release|Mixed Platforms.ActiveCfg = Release|Any CPU
		{74419630-9433-4DD4-99FB-80B7A0E8977A}.Release|Mixed Platforms.Build.0 = Release|Any CPU
		{74419630-9433-4DD4-99FB-80B7A0E8977A}.Release|x86.ActiveCfg = Release|Any CPU
		{52D01CC6-6C4A-4B39-8C9B-2C6390608B04}.Debug|Any CPU.ActiveCfg = Debug|Any CPU
		{52D01CC6-6C4A-4B39-8C9B-2C6390608B04}.Debug|Any CPU.Build.0 = Debug|Any CPU
		{52D01CC6-6C4A-4B39-8C9B-2C6390608B04}.Debug|Mixed Platforms.ActiveCfg = Debug|Any CPU
		{52D01CC6-6C4A-4B39-8C9B-2C6390608B04}.Debug|Mixed Platforms.Build.0 = Debug|Any CPU
		{52D01CC6-6C4A-4B39-8C9B-2C6390608B04}.Debug|x86.ActiveCfg = Debug|Any CPU
		{52D01CC6-6C4A-4B39-8C9B-2C6390608B04}.Release|Any CPU.ActiveCfg = Release|Any CPU
		{52D01CC6-6C4A-4B39-8C9B-2C6390608B04}.Release|Any CPU.Build.0 = Release|Any CPU
		{52D01CC6-6C4A-4B39-8C9B-2C6390608B04}.Release|Mixed Platforms.ActiveCfg = Release|Any CPU
		{52D01CC6-6C4A-4B39-8C9B-2C6390608B04}.Release|Mixed Platforms.Build.0 = Release|Any CPU
		{52D01CC6-6C4A-4B39-8C9B-2C6390608B04}.Release|x86.ActiveCfg = Release|Any CPU
		{C1E6FB2D-2804-4F3E-AC6B-9AED4E25DFB6}.Debug|Any CPU.ActiveCfg = Debug|Any CPU
		{C1E6FB2D-2804-4F3E-AC6B-9AED4E25DFB6}.Debug|Any CPU.Build.0 = Debug|Any CPU
		{C1E6FB2D-2804-4F3E-AC6B-9AED4E25DFB6}.Debug|Mixed Platforms.ActiveCfg = Debug|Any CPU
		{C1E6FB2D-2804-4F3E-AC6B-9AED4E25DFB6}.Debug|Mixed Platforms.Build.0 = Debug|Any CPU
		{C1E6FB2D-2804-4F3E-AC6B-9AED4E25DFB6}.Debug|x86.ActiveCfg = Debug|Any CPU
		{C1E6FB2D-2804-4F3E-AC6B-9AED4E25DFB6}.Release|Any CPU.ActiveCfg = Release|Any CPU
		{C1E6FB2D-2804-4F3E-AC6B-9AED4E25DFB6}.Release|Any CPU.Build.0 = Release|Any CPU
		{C1E6FB2D-2804-4F3E-AC6B-9AED4E25DFB6}.Release|Mixed Platforms.ActiveCfg = Release|Any CPU
		{C1E6FB2D-2804-4F3E-AC6B-9AED4E25DFB6}.Release|Mixed Platforms.Build.0 = Release|Any CPU
		{C1E6FB2D-2804-4F3E-AC6B-9AED4E25DFB6}.Release|x86.ActiveCfg = Release|Any CPU
		{313F3E35-5C0D-40FC-AE5E-EBDD4A9EDE2E}.Debug|Any CPU.ActiveCfg = Debug|Any CPU
		{313F3E35-5C0D-40FC-AE5E-EBDD4A9EDE2E}.Debug|Any CPU.Build.0 = Debug|Any CPU
		{313F3E35-5C0D-40FC-AE5E-EBDD4A9EDE2E}.Debug|Mixed Platforms.ActiveCfg = Debug|Any CPU
		{313F3E35-5C0D-40FC-AE5E-EBDD4A9EDE2E}.Debug|Mixed Platforms.Build.0 = Debug|Any CPU
		{313F3E35-5C0D-40FC-AE5E-EBDD4A9EDE2E}.Debug|x86.ActiveCfg = Debug|Any CPU
		{313F3E35-5C0D-40FC-AE5E-EBDD4A9EDE2E}.Release|Any CPU.ActiveCfg = Release|Any CPU
		{313F3E35-5C0D-40FC-AE5E-EBDD4A9EDE2E}.Release|Any CPU.Build.0 = Release|Any CPU
		{313F3E35-5C0D-40FC-AE5E-EBDD4A9EDE2E}.Release|Mixed Platforms.ActiveCfg = Release|Any CPU
		{313F3E35-5C0D-40FC-AE5E-EBDD4A9EDE2E}.Release|Mixed Platforms.Build.0 = Release|Any CPU
		{313F3E35-5C0D-40FC-AE5E-EBDD4A9EDE2E}.Release|x86.ActiveCfg = Release|Any CPU
		{48CB8820-8BAA-4588-BFB6-69D731C89BDE}.Debug|Any CPU.ActiveCfg = Debug|Any CPU
		{48CB8820-8BAA-4588-BFB6-69D731C89BDE}.Debug|Any CPU.Build.0 = Debug|Any CPU
		{48CB8820-8BAA-4588-BFB6-69D731C89BDE}.Debug|Mixed Platforms.ActiveCfg = Debug|Any CPU
		{48CB8820-8BAA-4588-BFB6-69D731C89BDE}.Debug|Mixed Platforms.Build.0 = Debug|Any CPU
		{48CB8820-8BAA-4588-BFB6-69D731C89BDE}.Debug|x86.ActiveCfg = Debug|Any CPU
		{48CB8820-8BAA-4588-BFB6-69D731C89BDE}.Release|Any CPU.ActiveCfg = Release|Any CPU
		{48CB8820-8BAA-4588-BFB6-69D731C89BDE}.Release|Any CPU.Build.0 = Release|Any CPU
		{48CB8820-8BAA-4588-BFB6-69D731C89BDE}.Release|Mixed Platforms.ActiveCfg = Release|Any CPU
		{48CB8820-8BAA-4588-BFB6-69D731C89BDE}.Release|Mixed Platforms.Build.0 = Release|Any CPU
		{48CB8820-8BAA-4588-BFB6-69D731C89BDE}.Release|x86.ActiveCfg = Release|Any CPU
		{729F30CB-E99A-48C5-A945-0C9BD2B225E9}.Debug|Any CPU.ActiveCfg = Debug|Any CPU
		{729F30CB-E99A-48C5-A945-0C9BD2B225E9}.Debug|Any CPU.Build.0 = Debug|Any CPU
		{729F30CB-E99A-48C5-A945-0C9BD2B225E9}.Debug|Mixed Platforms.ActiveCfg = Debug|Any CPU
		{729F30CB-E99A-48C5-A945-0C9BD2B225E9}.Debug|Mixed Platforms.Build.0 = Debug|Any CPU
		{729F30CB-E99A-48C5-A945-0C9BD2B225E9}.Debug|x86.ActiveCfg = Debug|Any CPU
		{729F30CB-E99A-48C5-A945-0C9BD2B225E9}.Release|Any CPU.ActiveCfg = Release|Any CPU
		{729F30CB-E99A-48C5-A945-0C9BD2B225E9}.Release|Any CPU.Build.0 = Release|Any CPU
		{729F30CB-E99A-48C5-A945-0C9BD2B225E9}.Release|Mixed Platforms.ActiveCfg = Release|Any CPU
		{729F30CB-E99A-48C5-A945-0C9BD2B225E9}.Release|Mixed Platforms.Build.0 = Release|Any CPU
		{729F30CB-E99A-48C5-A945-0C9BD2B225E9}.Release|x86.ActiveCfg = Release|Any CPU
		{7BC249D6-3DBA-45AA-8C14-0657B25EDE92}.Debug|Any CPU.ActiveCfg = Debug|Any CPU
		{7BC249D6-3DBA-45AA-8C14-0657B25EDE92}.Debug|Any CPU.Build.0 = Debug|Any CPU
		{7BC249D6-3DBA-45AA-8C14-0657B25EDE92}.Debug|Mixed Platforms.ActiveCfg = Debug|Any CPU
		{7BC249D6-3DBA-45AA-8C14-0657B25EDE92}.Debug|Mixed Platforms.Build.0 = Debug|Any CPU
		{7BC249D6-3DBA-45AA-8C14-0657B25EDE92}.Debug|x86.ActiveCfg = Debug|Any CPU
		{7BC249D6-3DBA-45AA-8C14-0657B25EDE92}.Release|Any CPU.ActiveCfg = Release|Any CPU
		{7BC249D6-3DBA-45AA-8C14-0657B25EDE92}.Release|Any CPU.Build.0 = Release|Any CPU
		{7BC249D6-3DBA-45AA-8C14-0657B25EDE92}.Release|Mixed Platforms.ActiveCfg = Release|Any CPU
		{7BC249D6-3DBA-45AA-8C14-0657B25EDE92}.Release|Mixed Platforms.Build.0 = Release|Any CPU
		{7BC249D6-3DBA-45AA-8C14-0657B25EDE92}.Release|x86.ActiveCfg = Release|Any CPU
		{E7DA3FC7-12EB-4086-A929-C77376BA02E9}.Debug|Any CPU.ActiveCfg = Debug|Any CPU
		{E7DA3FC7-12EB-4086-A929-C77376BA02E9}.Debug|Any CPU.Build.0 = Debug|Any CPU
		{E7DA3FC7-12EB-4086-A929-C77376BA02E9}.Debug|Mixed Platforms.ActiveCfg = Debug|Any CPU
		{E7DA3FC7-12EB-4086-A929-C77376BA02E9}.Debug|Mixed Platforms.Build.0 = Debug|Any CPU
		{E7DA3FC7-12EB-4086-A929-C77376BA02E9}.Debug|x86.ActiveCfg = Debug|Any CPU
		{E7DA3FC7-12EB-4086-A929-C77376BA02E9}.Release|Any CPU.ActiveCfg = Release|Any CPU
		{E7DA3FC7-12EB-4086-A929-C77376BA02E9}.Release|Any CPU.Build.0 = Release|Any CPU
		{E7DA3FC7-12EB-4086-A929-C77376BA02E9}.Release|Mixed Platforms.ActiveCfg = Release|Any CPU
		{E7DA3FC7-12EB-4086-A929-C77376BA02E9}.Release|Mixed Platforms.Build.0 = Release|Any CPU
		{E7DA3FC7-12EB-4086-A929-C77376BA02E9}.Release|x86.ActiveCfg = Release|Any CPU
		{15714E76-8A05-4023-B924-C911B0CD4122}.Debug|Any CPU.ActiveCfg = Debug|Any CPU
		{15714E76-8A05-4023-B924-C911B0CD4122}.Debug|Any CPU.Build.0 = Debug|Any CPU
		{15714E76-8A05-4023-B924-C911B0CD4122}.Debug|Mixed Platforms.ActiveCfg = Debug|Any CPU
		{15714E76-8A05-4023-B924-C911B0CD4122}.Debug|Mixed Platforms.Build.0 = Debug|Any CPU
		{15714E76-8A05-4023-B924-C911B0CD4122}.Debug|x86.ActiveCfg = Debug|Any CPU
		{15714E76-8A05-4023-B924-C911B0CD4122}.Release|Any CPU.ActiveCfg = Release|Any CPU
		{15714E76-8A05-4023-B924-C911B0CD4122}.Release|Any CPU.Build.0 = Release|Any CPU
		{15714E76-8A05-4023-B924-C911B0CD4122}.Release|Mixed Platforms.ActiveCfg = Release|Any CPU
		{15714E76-8A05-4023-B924-C911B0CD4122}.Release|Mixed Platforms.Build.0 = Release|Any CPU
		{15714E76-8A05-4023-B924-C911B0CD4122}.Release|x86.ActiveCfg = Release|Any CPU
		{42937C6D-41D3-423D-BC71-05E1C21401A6}.Debug|Any CPU.ActiveCfg = Debug|Any CPU
		{42937C6D-41D3-423D-BC71-05E1C21401A6}.Debug|Any CPU.Build.0 = Debug|Any CPU
		{42937C6D-41D3-423D-BC71-05E1C21401A6}.Debug|Mixed Platforms.ActiveCfg = Debug|Any CPU
		{42937C6D-41D3-423D-BC71-05E1C21401A6}.Debug|Mixed Platforms.Build.0 = Debug|Any CPU
		{42937C6D-41D3-423D-BC71-05E1C21401A6}.Debug|x86.ActiveCfg = Debug|Any CPU
		{42937C6D-41D3-423D-BC71-05E1C21401A6}.Release|Any CPU.ActiveCfg = Release|Any CPU
		{42937C6D-41D3-423D-BC71-05E1C21401A6}.Release|Any CPU.Build.0 = Release|Any CPU
		{42937C6D-41D3-423D-BC71-05E1C21401A6}.Release|Mixed Platforms.ActiveCfg = Release|Any CPU
		{42937C6D-41D3-423D-BC71-05E1C21401A6}.Release|Mixed Platforms.Build.0 = Release|Any CPU
		{42937C6D-41D3-423D-BC71-05E1C21401A6}.Release|x86.ActiveCfg = Release|Any CPU
		{813FC5B1-D329-4CE3-903A-10BA647535AF}.Debug|Any CPU.ActiveCfg = Debug|Any CPU
		{813FC5B1-D329-4CE3-903A-10BA647535AF}.Debug|Any CPU.Build.0 = Debug|Any CPU
		{813FC5B1-D329-4CE3-903A-10BA647535AF}.Debug|Mixed Platforms.ActiveCfg = Debug|Any CPU
		{813FC5B1-D329-4CE3-903A-10BA647535AF}.Debug|Mixed Platforms.Build.0 = Debug|Any CPU
		{813FC5B1-D329-4CE3-903A-10BA647535AF}.Debug|x86.ActiveCfg = Debug|Any CPU
		{813FC5B1-D329-4CE3-903A-10BA647535AF}.Release|Any CPU.ActiveCfg = Release|Any CPU
		{813FC5B1-D329-4CE3-903A-10BA647535AF}.Release|Any CPU.Build.0 = Release|Any CPU
		{813FC5B1-D329-4CE3-903A-10BA647535AF}.Release|Mixed Platforms.ActiveCfg = Release|Any CPU
		{813FC5B1-D329-4CE3-903A-10BA647535AF}.Release|Mixed Platforms.Build.0 = Release|Any CPU
		{813FC5B1-D329-4CE3-903A-10BA647535AF}.Release|x86.ActiveCfg = Release|Any CPU
		{A71A6E0C-D9EB-4593-9B9B-AA0AC48F1082}.Debug|Any CPU.ActiveCfg = Debug|Any CPU
		{A71A6E0C-D9EB-4593-9B9B-AA0AC48F1082}.Debug|Any CPU.Build.0 = Debug|Any CPU
		{A71A6E0C-D9EB-4593-9B9B-AA0AC48F1082}.Debug|Mixed Platforms.ActiveCfg = Debug|Any CPU
		{A71A6E0C-D9EB-4593-9B9B-AA0AC48F1082}.Debug|Mixed Platforms.Build.0 = Debug|Any CPU
		{A71A6E0C-D9EB-4593-9B9B-AA0AC48F1082}.Debug|x86.ActiveCfg = Debug|Any CPU
		{A71A6E0C-D9EB-4593-9B9B-AA0AC48F1082}.Release|Any CPU.ActiveCfg = Release|Any CPU
		{A71A6E0C-D9EB-4593-9B9B-AA0AC48F1082}.Release|Any CPU.Build.0 = Release|Any CPU
		{A71A6E0C-D9EB-4593-9B9B-AA0AC48F1082}.Release|Mixed Platforms.ActiveCfg = Release|Any CPU
		{A71A6E0C-D9EB-4593-9B9B-AA0AC48F1082}.Release|Mixed Platforms.Build.0 = Release|Any CPU
		{A71A6E0C-D9EB-4593-9B9B-AA0AC48F1082}.Release|x86.ActiveCfg = Release|Any CPU
		{3E624F8A-A115-4792-8C86-51FB529C34E5}.Debug|Any CPU.ActiveCfg = Debug|Any CPU
		{3E624F8A-A115-4792-8C86-51FB529C34E5}.Debug|Any CPU.Build.0 = Debug|Any CPU
		{3E624F8A-A115-4792-8C86-51FB529C34E5}.Debug|Mixed Platforms.ActiveCfg = Debug|Any CPU
		{3E624F8A-A115-4792-8C86-51FB529C34E5}.Debug|Mixed Platforms.Build.0 = Debug|Any CPU
		{3E624F8A-A115-4792-8C86-51FB529C34E5}.Debug|x86.ActiveCfg = Debug|Any CPU
		{3E624F8A-A115-4792-8C86-51FB529C34E5}.Release|Any CPU.ActiveCfg = Release|Any CPU
		{3E624F8A-A115-4792-8C86-51FB529C34E5}.Release|Any CPU.Build.0 = Release|Any CPU
		{3E624F8A-A115-4792-8C86-51FB529C34E5}.Release|Mixed Platforms.ActiveCfg = Release|Any CPU
		{3E624F8A-A115-4792-8C86-51FB529C34E5}.Release|Mixed Platforms.Build.0 = Release|Any CPU
		{3E624F8A-A115-4792-8C86-51FB529C34E5}.Release|x86.ActiveCfg = Release|Any CPU
		{ED312AAC-D022-49BA-A049-043D0091C9F5}.Debug|Any CPU.ActiveCfg = Debug|Any CPU
		{ED312AAC-D022-49BA-A049-043D0091C9F5}.Debug|Any CPU.Build.0 = Debug|Any CPU
		{ED312AAC-D022-49BA-A049-043D0091C9F5}.Debug|Mixed Platforms.ActiveCfg = Debug|Any CPU
		{ED312AAC-D022-49BA-A049-043D0091C9F5}.Debug|Mixed Platforms.Build.0 = Debug|Any CPU
		{ED312AAC-D022-49BA-A049-043D0091C9F5}.Debug|x86.ActiveCfg = Debug|Any CPU
		{ED312AAC-D022-49BA-A049-043D0091C9F5}.Release|Any CPU.ActiveCfg = Release|Any CPU
		{ED312AAC-D022-49BA-A049-043D0091C9F5}.Release|Any CPU.Build.0 = Release|Any CPU
		{ED312AAC-D022-49BA-A049-043D0091C9F5}.Release|Mixed Platforms.ActiveCfg = Release|Any CPU
		{ED312AAC-D022-49BA-A049-043D0091C9F5}.Release|Mixed Platforms.Build.0 = Release|Any CPU
		{ED312AAC-D022-49BA-A049-043D0091C9F5}.Release|x86.ActiveCfg = Release|Any CPU
		{0A42B4CE-A090-410F-BDEA-199848598059}.Debug|Any CPU.ActiveCfg = Debug|Any CPU
		{0A42B4CE-A090-410F-BDEA-199848598059}.Debug|Any CPU.Build.0 = Debug|Any CPU
		{0A42B4CE-A090-410F-BDEA-199848598059}.Debug|Mixed Platforms.ActiveCfg = Debug|Any CPU
		{0A42B4CE-A090-410F-BDEA-199848598059}.Debug|Mixed Platforms.Build.0 = Debug|Any CPU
		{0A42B4CE-A090-410F-BDEA-199848598059}.Debug|x86.ActiveCfg = Debug|Any CPU
		{0A42B4CE-A090-410F-BDEA-199848598059}.Release|Any CPU.ActiveCfg = Release|Any CPU
		{0A42B4CE-A090-410F-BDEA-199848598059}.Release|Any CPU.Build.0 = Release|Any CPU
		{0A42B4CE-A090-410F-BDEA-199848598059}.Release|Mixed Platforms.ActiveCfg = Release|Any CPU
		{0A42B4CE-A090-410F-BDEA-199848598059}.Release|Mixed Platforms.Build.0 = Release|Any CPU
		{0A42B4CE-A090-410F-BDEA-199848598059}.Release|x86.ActiveCfg = Release|Any CPU
		{D8E9A365-E3CE-46C9-A501-E49924336B42}.Debug|Any CPU.ActiveCfg = Debug|Any CPU
		{D8E9A365-E3CE-46C9-A501-E49924336B42}.Debug|Any CPU.Build.0 = Debug|Any CPU
		{D8E9A365-E3CE-46C9-A501-E49924336B42}.Debug|Mixed Platforms.ActiveCfg = Debug|Any CPU
		{D8E9A365-E3CE-46C9-A501-E49924336B42}.Debug|Mixed Platforms.Build.0 = Debug|Any CPU
		{D8E9A365-E3CE-46C9-A501-E49924336B42}.Debug|x86.ActiveCfg = Debug|Any CPU
		{D8E9A365-E3CE-46C9-A501-E49924336B42}.Release|Any CPU.ActiveCfg = Release|Any CPU
		{D8E9A365-E3CE-46C9-A501-E49924336B42}.Release|Any CPU.Build.0 = Release|Any CPU
		{D8E9A365-E3CE-46C9-A501-E49924336B42}.Release|Mixed Platforms.ActiveCfg = Release|Any CPU
		{D8E9A365-E3CE-46C9-A501-E49924336B42}.Release|Mixed Platforms.Build.0 = Release|Any CPU
		{D8E9A365-E3CE-46C9-A501-E49924336B42}.Release|x86.ActiveCfg = Release|Any CPU
		{EE2AB077-2630-4F38-944C-B1D623FCB41E}.Debug|Any CPU.ActiveCfg = Debug|Any CPU
		{EE2AB077-2630-4F38-944C-B1D623FCB41E}.Debug|Any CPU.Build.0 = Debug|Any CPU
		{EE2AB077-2630-4F38-944C-B1D623FCB41E}.Debug|Mixed Platforms.ActiveCfg = Debug|Any CPU
		{EE2AB077-2630-4F38-944C-B1D623FCB41E}.Debug|Mixed Platforms.Build.0 = Debug|Any CPU
		{EE2AB077-2630-4F38-944C-B1D623FCB41E}.Debug|x86.ActiveCfg = Debug|Any CPU
		{EE2AB077-2630-4F38-944C-B1D623FCB41E}.Release|Any CPU.ActiveCfg = Release|Any CPU
		{EE2AB077-2630-4F38-944C-B1D623FCB41E}.Release|Any CPU.Build.0 = Release|Any CPU
		{EE2AB077-2630-4F38-944C-B1D623FCB41E}.Release|Mixed Platforms.ActiveCfg = Release|Any CPU
		{EE2AB077-2630-4F38-944C-B1D623FCB41E}.Release|Mixed Platforms.Build.0 = Release|Any CPU
		{EE2AB077-2630-4F38-944C-B1D623FCB41E}.Release|x86.ActiveCfg = Release|Any CPU
		{20AC600B-F91D-42EF-B763-F08674009437}.Debug|Any CPU.ActiveCfg = Debug|Any CPU
		{20AC600B-F91D-42EF-B763-F08674009437}.Debug|Any CPU.Build.0 = Debug|Any CPU
		{20AC600B-F91D-42EF-B763-F08674009437}.Debug|Mixed Platforms.ActiveCfg = Debug|Any CPU
		{20AC600B-F91D-42EF-B763-F08674009437}.Debug|Mixed Platforms.Build.0 = Debug|Any CPU
		{20AC600B-F91D-42EF-B763-F08674009437}.Debug|x86.ActiveCfg = Debug|Any CPU
		{20AC600B-F91D-42EF-B763-F08674009437}.Release|Any CPU.ActiveCfg = Release|Any CPU
		{20AC600B-F91D-42EF-B763-F08674009437}.Release|Any CPU.Build.0 = Release|Any CPU
		{20AC600B-F91D-42EF-B763-F08674009437}.Release|Mixed Platforms.ActiveCfg = Release|Any CPU
		{20AC600B-F91D-42EF-B763-F08674009437}.Release|Mixed Platforms.Build.0 = Release|Any CPU
		{20AC600B-F91D-42EF-B763-F08674009437}.Release|x86.ActiveCfg = Release|Any CPU
		{E941D076-41B8-4EBD-90B1-668EB25304F0}.Debug|Any CPU.ActiveCfg = Debug|Any CPU
		{E941D076-41B8-4EBD-90B1-668EB25304F0}.Debug|Any CPU.Build.0 = Debug|Any CPU
		{E941D076-41B8-4EBD-90B1-668EB25304F0}.Debug|Mixed Platforms.ActiveCfg = Debug|Any CPU
		{E941D076-41B8-4EBD-90B1-668EB25304F0}.Debug|Mixed Platforms.Build.0 = Debug|Any CPU
		{E941D076-41B8-4EBD-90B1-668EB25304F0}.Debug|x86.ActiveCfg = Debug|Any CPU
		{E941D076-41B8-4EBD-90B1-668EB25304F0}.Release|Any CPU.ActiveCfg = Release|Any CPU
		{E941D076-41B8-4EBD-90B1-668EB25304F0}.Release|Any CPU.Build.0 = Release|Any CPU
		{E941D076-41B8-4EBD-90B1-668EB25304F0}.Release|Mixed Platforms.ActiveCfg = Release|Any CPU
		{E941D076-41B8-4EBD-90B1-668EB25304F0}.Release|Mixed Platforms.Build.0 = Release|Any CPU
		{E941D076-41B8-4EBD-90B1-668EB25304F0}.Release|x86.ActiveCfg = Release|Any CPU
		{2BF7540C-E1AB-4E3B-A37C-A7D621AAF4CD}.Debug|Any CPU.ActiveCfg = Debug|Any CPU
		{2BF7540C-E1AB-4E3B-A37C-A7D621AAF4CD}.Debug|Any CPU.Build.0 = Debug|Any CPU
		{2BF7540C-E1AB-4E3B-A37C-A7D621AAF4CD}.Debug|Mixed Platforms.ActiveCfg = Debug|Any CPU
		{2BF7540C-E1AB-4E3B-A37C-A7D621AAF4CD}.Debug|Mixed Platforms.Build.0 = Debug|Any CPU
		{2BF7540C-E1AB-4E3B-A37C-A7D621AAF4CD}.Debug|x86.ActiveCfg = Debug|Any CPU
		{2BF7540C-E1AB-4E3B-A37C-A7D621AAF4CD}.Release|Any CPU.ActiveCfg = Release|Any CPU
		{2BF7540C-E1AB-4E3B-A37C-A7D621AAF4CD}.Release|Any CPU.Build.0 = Release|Any CPU
		{2BF7540C-E1AB-4E3B-A37C-A7D621AAF4CD}.Release|Mixed Platforms.ActiveCfg = Release|Any CPU
		{2BF7540C-E1AB-4E3B-A37C-A7D621AAF4CD}.Release|Mixed Platforms.Build.0 = Release|Any CPU
		{2BF7540C-E1AB-4E3B-A37C-A7D621AAF4CD}.Release|x86.ActiveCfg = Release|Any CPU
		{9E236576-EA59-46B1-A6C9-FB9A17D32118}.Debug|Any CPU.ActiveCfg = Debug|Any CPU
		{9E236576-EA59-46B1-A6C9-FB9A17D32118}.Debug|Any CPU.Build.0 = Debug|Any CPU
		{9E236576-EA59-46B1-A6C9-FB9A17D32118}.Debug|Mixed Platforms.ActiveCfg = Debug|Any CPU
		{9E236576-EA59-46B1-A6C9-FB9A17D32118}.Debug|Mixed Platforms.Build.0 = Debug|Any CPU
		{9E236576-EA59-46B1-A6C9-FB9A17D32118}.Debug|x86.ActiveCfg = Debug|Any CPU
		{9E236576-EA59-46B1-A6C9-FB9A17D32118}.Release|Any CPU.ActiveCfg = Release|Any CPU
		{9E236576-EA59-46B1-A6C9-FB9A17D32118}.Release|Any CPU.Build.0 = Release|Any CPU
		{9E236576-EA59-46B1-A6C9-FB9A17D32118}.Release|Mixed Platforms.ActiveCfg = Release|Any CPU
		{9E236576-EA59-46B1-A6C9-FB9A17D32118}.Release|Mixed Platforms.Build.0 = Release|Any CPU
		{9E236576-EA59-46B1-A6C9-FB9A17D32118}.Release|x86.ActiveCfg = Release|Any CPU
	EndGlobalSection
	GlobalSection(SolutionProperties) = preSolution
		HideSolutionNode = FALSE
	EndGlobalSection
	GlobalSection(NestedProjects) = preSolution
		{8EA1EB80-66EF-4877-B082-3BFAD597ADEB} = {0D358022-2827-4DDD-9945-FEC322B4E946}
		{B38FF342-51EB-4338-AE14-D73AF81E5622} = {0D358022-2827-4DDD-9945-FEC322B4E946}
		{26221FFA-E635-4D86-B7CE-53BB16F0399C} = {0D358022-2827-4DDD-9945-FEC322B4E946}
		{AF645712-A7CA-4D8C-8684-FFF737CD0701} = {0D358022-2827-4DDD-9945-FEC322B4E946}
		{A987CABE-0533-4E26-9418-D5B4B8E15B16} = {0D358022-2827-4DDD-9945-FEC322B4E946}
		{7C86AD84-3EE2-4932-9C1C-F57BFFD0EFFD} = {0D358022-2827-4DDD-9945-FEC322B4E946}
		{74419630-9433-4DD4-99FB-80B7A0E8977A} = {0D358022-2827-4DDD-9945-FEC322B4E946}
		{52D01CC6-6C4A-4B39-8C9B-2C6390608B04} = {0D358022-2827-4DDD-9945-FEC322B4E946}
		{C1E6FB2D-2804-4F3E-AC6B-9AED4E25DFB6} = {0D358022-2827-4DDD-9945-FEC322B4E946}
		{729F30CB-E99A-48C5-A945-0C9BD2B225E9} = {0D358022-2827-4DDD-9945-FEC322B4E946}
		{7BC249D6-3DBA-45AA-8C14-0657B25EDE92} = {0D358022-2827-4DDD-9945-FEC322B4E946}
		{E7DA3FC7-12EB-4086-A929-C77376BA02E9} = {0D358022-2827-4DDD-9945-FEC322B4E946}
		{15714E76-8A05-4023-B924-C911B0CD4122} = {0D358022-2827-4DDD-9945-FEC322B4E946}
		{42937C6D-41D3-423D-BC71-05E1C21401A6} = {0D358022-2827-4DDD-9945-FEC322B4E946}
		{813FC5B1-D329-4CE3-903A-10BA647535AF} = {0D358022-2827-4DDD-9945-FEC322B4E946}
		{A71A6E0C-D9EB-4593-9B9B-AA0AC48F1082} = {0D358022-2827-4DDD-9945-FEC322B4E946}
		{3E624F8A-A115-4792-8C86-51FB529C34E5} = {0D358022-2827-4DDD-9945-FEC322B4E946}
		{ED312AAC-D022-49BA-A049-043D0091C9F5} = {0D358022-2827-4DDD-9945-FEC322B4E946}
		{0A42B4CE-A090-410F-BDEA-199848598059} = {0D358022-2827-4DDD-9945-FEC322B4E946}
		{D8E9A365-E3CE-46C9-A501-E49924336B42} = {0D358022-2827-4DDD-9945-FEC322B4E946}
		{EE2AB077-2630-4F38-944C-B1D623FCB41E} = {0D358022-2827-4DDD-9945-FEC322B4E946}
		{20AC600B-F91D-42EF-B763-F08674009437} = {0D358022-2827-4DDD-9945-FEC322B4E946}
		{E941D076-41B8-4EBD-90B1-668EB25304F0} = {0D358022-2827-4DDD-9945-FEC322B4E946}
		{2BF7540C-E1AB-4E3B-A37C-A7D621AAF4CD} = {0D358022-2827-4DDD-9945-FEC322B4E946}
		{907C048D-1D9C-4532-BE04-6A459EF485E6} = {90152298-FDAF-430B-A9B0-FD91848BD21B}
		{C812E996-2A5F-41EB-8B1C-F5B896B46B25} = {90152298-FDAF-430B-A9B0-FD91848BD21B}
		{31234E55-E834-4396-BC55-4C8D34201EE4} = {90152298-FDAF-430B-A9B0-FD91848BD21B}
	EndGlobalSection
	GlobalSection(ExtensibilityGlobals) = postSolution
		SolutionGuid = {27968D72-7EA2-449F-A022-A45E29C77974}
	EndGlobalSection
	GlobalSection(TestCaseManagementSettings) = postSolution
		CategoryFile = CUITe.vsmdi
	EndGlobalSection
EndGlobal
